// !$*UTF8*$!
{
	archiveVersion = 1;
	classes = {
	};
	objectVersion = 46;
	objects = {

/* Begin PBXBuildFile section */
		C3061FDB199389240075E8AC /* BaiKeViewController.m in Sources */ = {isa = PBXBuildFile; fileRef = C3061FD9199389240075E8AC /* BaiKeViewController.m */; };
		C3061FDC199389240075E8AC /* BaiKeViewController.xib in Resources */ = {isa = PBXBuildFile; fileRef = C3061FDA199389240075E8AC /* BaiKeViewController.xib */; };
		C30A45A3199B955800722F5E /* user_icon@2x.png in Resources */ = {isa = PBXBuildFile; fileRef = C30A45A2199B955800722F5E /* user_icon@2x.png */; };
		C31C2659198F6E1E007C9614 /* UserCollectionViewCell.m in Sources */ = {isa = PBXBuildFile; fileRef = C31C2657198F6E1E007C9614 /* UserCollectionViewCell.m */; };
		C31C265A198F6E1E007C9614 /* UserCollelectionView.xib in Resources */ = {isa = PBXBuildFile; fileRef = C31C2658198F6E1E007C9614 /* UserCollelectionView.xib */; };
		C31C2663198F7A86007C9614 /* UserInfoViewController.m in Sources */ = {isa = PBXBuildFile; fileRef = C31C2661198F7A86007C9614 /* UserInfoViewController.m */; };
		C31C2668198F7B18007C9614 /* AboutViewController.m in Sources */ = {isa = PBXBuildFile; fileRef = C31C2666198F7B18007C9614 /* AboutViewController.m */; };
		C31C2669198F7B18007C9614 /* AboutViewController.xib in Resources */ = {isa = PBXBuildFile; fileRef = C31C2667198F7B18007C9614 /* AboutViewController.xib */; };
		C31C266D198F7BF2007C9614 /* ExerciseMainViewController.m in Sources */ = {isa = PBXBuildFile; fileRef = C31C266B198F7BF2007C9614 /* ExerciseMainViewController.m */; };
		C3206E87198FDF3800C1F995 /* train_canshu@2x.png in Resources */ = {isa = PBXBuildFile; fileRef = C3206E63198FDF3800C1F995 /* train_canshu@2x.png */; };
		C3206E88198FDF3800C1F995 /* train_tingzhi@2x.png in Resources */ = {isa = PBXBuildFile; fileRef = C3206E64198FDF3800C1F995 /* train_tingzhi@2x.png */; };
		C3206E89198FDF3800C1F995 /* record_hengkuang@2x.png in Resources */ = {isa = PBXBuildFile; fileRef = C3206E66198FDF3800C1F995 /* record_hengkuang@2x.png */; };
		C3206E8A198FDF3800C1F995 /* record_jiantou@2x.png in Resources */ = {isa = PBXBuildFile; fileRef = C3206E67198FDF3800C1F995 /* record_jiantou@2x.png */; };
		C3206E8B198FDF3800C1F995 /* record_nian@2x.png in Resources */ = {isa = PBXBuildFile; fileRef = C3206E68198FDF3800C1F995 /* record_nian@2x.png */; };
		C3206E8C198FDF3800C1F995 /* record_shanchujilu@2x.png in Resources */ = {isa = PBXBuildFile; fileRef = C3206E69198FDF3800C1F995 /* record_shanchujilu@2x.png */; };
		C3206E8D198FDF3800C1F995 /* record_xuanzhongbeijing@2x.png in Resources */ = {isa = PBXBuildFile; fileRef = C3206E6A198FDF3800C1F995 /* record_xuanzhongbeijing@2x.png */; };
		C3206E8E198FDF3800C1F995 /* start_daren@2x.png in Resources */ = {isa = PBXBuildFile; fileRef = C3206E6C198FDF3800C1F995 /* start_daren@2x.png */; };
		C3206E8F198FDF3800C1F995 /* start_fanmian@2x.png in Resources */ = {isa = PBXBuildFile; fileRef = C3206E6D198FDF3800C1F995 /* start_fanmian@2x.png */; };
		C3206E90198FDF3800C1F995 /* start_fu@2x.png in Resources */ = {isa = PBXBuildFile; fileRef = C3206E6E198FDF3800C1F995 /* start_fu@2x.png */; };
		C3206E91198FDF3800C1F995 /* start_kaishixunlian2@2x.png in Resources */ = {isa = PBXBuildFile; fileRef = C3206E6F198FDF3800C1F995 /* start_kaishixunlian2@2x.png */; };
		C3206E92198FDF3800C1F995 /* start_kaishixunlian@2x.png in Resources */ = {isa = PBXBuildFile; fileRef = C3206E70198FDF3800C1F995 /* start_kaishixunlian@2x.png */; };
		C3206E93198FDF3800C1F995 /* start_quan2@2x.png in Resources */ = {isa = PBXBuildFile; fileRef = C3206E71198FDF3800C1F995 /* start_quan2@2x.png */; };
		C3206E94198FDF3800C1F995 /* start_quan3@2x.png in Resources */ = {isa = PBXBuildFile; fileRef = C3206E72198FDF3800C1F995 /* start_quan3@2x.png */; };
		C3206E95198FDF3800C1F995 /* start_quan4@2x.png in Resources */ = {isa = PBXBuildFile; fileRef = C3206E73198FDF3800C1F995 /* start_quan4@2x.png */; };
		C3206E96198FDF3800C1F995 /* start_quan5@2x.png in Resources */ = {isa = PBXBuildFile; fileRef = C3206E74198FDF3800C1F995 /* start_quan5@2x.png */; };
		C3206E97198FDF3800C1F995 /* start_quan6@2x.png in Resources */ = {isa = PBXBuildFile; fileRef = C3206E75198FDF3800C1F995 /* start_quan6@2x.png */; };
		C3206E98198FDF3800C1F995 /* start_quan7@2x.png in Resources */ = {isa = PBXBuildFile; fileRef = C3206E76198FDF3800C1F995 /* start_quan7@2x.png */; };
		C3206E99198FDF3800C1F995 /* start_quan@2x.png in Resources */ = {isa = PBXBuildFile; fileRef = C3206E77198FDF3800C1F995 /* start_quan@2x.png */; };
		C3206E9A198FDF3800C1F995 /* start_ren@2x.png in Resources */ = {isa = PBXBuildFile; fileRef = C3206E78198FDF3800C1F995 /* start_ren@2x.png */; };
		C3206E9B198FDF3800C1F995 /* start_shuzikuang@2x.png in Resources */ = {isa = PBXBuildFile; fileRef = C3206E79198FDF3800C1F995 /* start_shuzikuang@2x.png */; };
		C3206E9C198FDF3800C1F995 /* start_xiong@2x.png in Resources */ = {isa = PBXBuildFile; fileRef = C3206E7A198FDF3800C1F995 /* start_xiong@2x.png */; };
		C3206E9D198FDF3800C1F995 /* start_youshou@2x.png in Resources */ = {isa = PBXBuildFile; fileRef = C3206E7B198FDF3800C1F995 /* start_youshou@2x.png */; };
		C3206E9E198FDF3800C1F995 /* start_youtui@2x.png in Resources */ = {isa = PBXBuildFile; fileRef = C3206E7C198FDF3800C1F995 /* start_youtui@2x.png */; };
		C3206E9F198FDF3800C1F995 /* start_zuoshou@2x.png in Resources */ = {isa = PBXBuildFile; fileRef = C3206E7D198FDF3800C1F995 /* start_zuoshou@2x.png */; };
		C3206EA0198FDF3800C1F995 /* start_zuotui@2x.png in Resources */ = {isa = PBXBuildFile; fileRef = C3206E7E198FDF3800C1F995 /* start_zuotui@2x.png */; };
		C3206EA1198FDF3800C1F995 /* detail_facebook@2x.png in Resources */ = {isa = PBXBuildFile; fileRef = C3206E80198FDF3800C1F995 /* detail_facebook@2x.png */; };
		C3206EA2198FDF3800C1F995 /* detail_fasongchenggong@2x.png in Resources */ = {isa = PBXBuildFile; fileRef = C3206E81198FDF3800C1F995 /* detail_fasongchenggong@2x.png */; };
		C3206EA3198FDF3800C1F995 /* detail_fenxiang@2x.png in Resources */ = {isa = PBXBuildFile; fileRef = C3206E82198FDF3800C1F995 /* detail_fenxiang@2x.png */; };
		C3206EA4198FDF3800C1F995 /* detail_kuang2@2x.png in Resources */ = {isa = PBXBuildFile; fileRef = C3206E83198FDF3800C1F995 /* detail_kuang2@2x.png */; };
		C3206EA5198FDF3800C1F995 /* detail_kuang@2x.png in Resources */ = {isa = PBXBuildFile; fileRef = C3206E84198FDF3800C1F995 /* detail_kuang@2x.png */; };
		C3206EA6198FDF3800C1F995 /* detail_quxiao@2x.png in Resources */ = {isa = PBXBuildFile; fileRef = C3206E85198FDF3800C1F995 /* detail_quxiao@2x.png */; };
		C3206EA7198FDF3800C1F995 /* detail_weixin@2x.png in Resources */ = {isa = PBXBuildFile; fileRef = C3206E86198FDF3800C1F995 /* detail_weixin@2x.png */; };
		C3206EBE198FDF5100C1F995 /* plan_bi@2x.png in Resources */ = {isa = PBXBuildFile; fileRef = C3206EA9198FDF5100C1F995 /* plan_bi@2x.png */; };
		C3206EBF198FDF5100C1F995 /* plan_chongxinjihua@2x.png in Resources */ = {isa = PBXBuildFile; fileRef = C3206EAA198FDF5100C1F995 /* plan_chongxinjihua@2x.png */; };
		C3206EC0198FDF5100C1F995 /* plan_guan@2x.png in Resources */ = {isa = PBXBuildFile; fileRef = C3206EAB198FDF5100C1F995 /* plan_guan@2x.png */; };
		C3206EC1198FDF5100C1F995 /* plan_kai@2x.png in Resources */ = {isa = PBXBuildFile; fileRef = C3206EAC198FDF5100C1F995 /* plan_kai@2x.png */; };
		C3206EC2198FDF5100C1F995 /* plan_naozhongshezhi@2x.png in Resources */ = {isa = PBXBuildFile; fileRef = C3206EAD198FDF5100C1F995 /* plan_naozhongshezhi@2x.png */; };
		C3206EC3198FDF5100C1F995 /* plan_neirongbeijing@2x.png in Resources */ = {isa = PBXBuildFile; fileRef = C3206EAE198FDF5100C1F995 /* plan_neirongbeijing@2x.png */; };
		C3206EC4198FDF5100C1F995 /* plan_shuzibeijign@2x.png in Resources */ = {isa = PBXBuildFile; fileRef = C3206EAF198FDF5100C1F995 /* plan_shuzibeijign@2x.png */; };
		C3206EC5198FDF5100C1F995 /* about_icon@2x.png in Resources */ = {isa = PBXBuildFile; fileRef = C3206EB1198FDF5100C1F995 /* about_icon@2x.png */; };
		C3206EC6198FDF5100C1F995 /* about_line@2x.png in Resources */ = {isa = PBXBuildFile; fileRef = C3206EB2198FDF5100C1F995 /* about_line@2x.png */; };
		C3206EC7198FDF5100C1F995 /* setting_app@2x.png in Resources */ = {isa = PBXBuildFile; fileRef = C3206EB4198FDF5100C1F995 /* setting_app@2x.png */; };
		C3206EC8198FDF5100C1F995 /* setting_baike@2x.png in Resources */ = {isa = PBXBuildFile; fileRef = C3206EB5198FDF5100C1F995 /* setting_baike@2x.png */; };
		C3206EC9198FDF5100C1F995 /* setting_icom@2x.png in Resources */ = {isa = PBXBuildFile; fileRef = C3206EB6198FDF5100C1F995 /* setting_icom@2x.png */; };
		C3206ECA198FDF5100C1F995 /* setting_lanya@2x.png in Resources */ = {isa = PBXBuildFile; fileRef = C3206EB7198FDF5100C1F995 /* setting_lanya@2x.png */; };
		C3206ECB198FDF5100C1F995 /* setting_pic1@2x.png in Resources */ = {isa = PBXBuildFile; fileRef = C3206EB8198FDF5100C1F995 /* setting_pic1@2x.png */; };
		C3206ECC198FDF5100C1F995 /* setting_pic2@2x.png in Resources */ = {isa = PBXBuildFile; fileRef = C3206EB9198FDF5100C1F995 /* setting_pic2@2x.png */; };
		C3206ECD198FDF5100C1F995 /* setting_renti2@2x.png in Resources */ = {isa = PBXBuildFile; fileRef = C3206EBA198FDF5100C1F995 /* setting_renti2@2x.png */; };
		C3206ECE198FDF5100C1F995 /* setting_renti@2x.png in Resources */ = {isa = PBXBuildFile; fileRef = C3206EBB198FDF5100C1F995 /* setting_renti@2x.png */; };
		C3206ECF198FDF5100C1F995 /* setting_shebei@2x.png in Resources */ = {isa = PBXBuildFile; fileRef = C3206EBC198FDF5100C1F995 /* setting_shebei@2x.png */; };
		C3206ED0198FDF5100C1F995 /* setting_shezhi@2x.png in Resources */ = {isa = PBXBuildFile; fileRef = C3206EBD198FDF5100C1F995 /* setting_shezhi@2x.png */; };
		C320D1EA1995BCC6005637BF /* MainViewController.xib in Resources */ = {isa = PBXBuildFile; fileRef = C320D1E91995BCC6005637BF /* MainViewController.xib */; };
		C320D1EC1995BDE4005637BF /* UserInfoViewController.xib in Resources */ = {isa = PBXBuildFile; fileRef = C320D1EB1995BDE4005637BF /* UserInfoViewController.xib */; };
		C320D1F419961015005637BF /* back@2x.png in Resources */ = {isa = PBXBuildFile; fileRef = C320D1F119961015005637BF /* back@2x.png */; };
		C320D1F519961015005637BF /* right_btn@2x.png in Resources */ = {isa = PBXBuildFile; fileRef = C320D1F219961015005637BF /* right_btn@2x.png */; };
		C320D1F819961CC8005637BF /* tittle_bg.png in Resources */ = {isa = PBXBuildFile; fileRef = C320D1F719961CC8005637BF /* tittle_bg.png */; };
		C32C4315199B3182009FED09 /* SettingViewController.m in Sources */ = {isa = PBXBuildFile; fileRef = C32C4313199B3182009FED09 /* SettingViewController.m */; };
		C32C4316199B3182009FED09 /* SettingViewController.xib in Resources */ = {isa = PBXBuildFile; fileRef = C32C4314199B3182009FED09 /* SettingViewController.xib */; };
		C33A26F7199200F7002A9493 /* main_bg@2x.png in Resources */ = {isa = PBXBuildFile; fileRef = C33A26F4199200F7002A9493 /* main_bg@2x.png */; };
		C33A26F8199200F7002A9493 /* main_logo@2x.png in Resources */ = {isa = PBXBuildFile; fileRef = C33A26F5199200F7002A9493 /* main_logo@2x.png */; };
		C33A26F9199200F7002A9493 /* mian_text@2x.png in Resources */ = {isa = PBXBuildFile; fileRef = C33A26F6199200F7002A9493 /* mian_text@2x.png */; };
		C3443879198BE08500133B51 /* Foundation.framework in Frameworks */ = {isa = PBXBuildFile; fileRef = C3443878198BE08500133B51 /* Foundation.framework */; };
		C344387B198BE08500133B51 /* CoreGraphics.framework in Frameworks */ = {isa = PBXBuildFile; fileRef = C344387A198BE08500133B51 /* CoreGraphics.framework */; };
		C344387D198BE08500133B51 /* UIKit.framework in Frameworks */ = {isa = PBXBuildFile; fileRef = C344387C198BE08500133B51 /* UIKit.framework */; };
		C3443883198BE08500133B51 /* InfoPlist.strings in Resources */ = {isa = PBXBuildFile; fileRef = C3443881198BE08500133B51 /* InfoPlist.strings */; };
		C3443885198BE08500133B51 /* main.m in Sources */ = {isa = PBXBuildFile; fileRef = C3443884198BE08500133B51 /* main.m */; };
		C3443889198BE08500133B51 /* AppDelegate.m in Sources */ = {isa = PBXBuildFile; fileRef = C3443888198BE08500133B51 /* AppDelegate.m */; };
		C344388B198BE08500133B51 /* Images.xcassets in Resources */ = {isa = PBXBuildFile; fileRef = C344388A198BE08500133B51 /* Images.xcassets */; };
		C3443892198BE08500133B51 /* XCTest.framework in Frameworks */ = {isa = PBXBuildFile; fileRef = C3443891198BE08500133B51 /* XCTest.framework */; };
		C3443893198BE08500133B51 /* Foundation.framework in Frameworks */ = {isa = PBXBuildFile; fileRef = C3443878198BE08500133B51 /* Foundation.framework */; };
		C3443894198BE08500133B51 /* UIKit.framework in Frameworks */ = {isa = PBXBuildFile; fileRef = C344387C198BE08500133B51 /* UIKit.framework */; };
		C344389C198BE08500133B51 /* InfoPlist.strings in Resources */ = {isa = PBXBuildFile; fileRef = C344389A198BE08500133B51 /* InfoPlist.strings */; };
		C344389E198BE08500133B51 /* iTrainTests.m in Sources */ = {isa = PBXBuildFile; fileRef = C344389D198BE08500133B51 /* iTrainTests.m */; };
		C3443933198BE47C00133B51 /* MainViewController.m in Sources */ = {isa = PBXBuildFile; fileRef = C3443931198BE47C00133B51 /* MainViewController.m */; };
		C3443957198BE61D00133B51 /* UITableView+Addition.m in Sources */ = {isa = PBXBuildFile; fileRef = C3443939198BE61D00133B51 /* UITableView+Addition.m */; };
		C3443958198BE61D00133B51 /* UITextView+Placeholder.m in Sources */ = {isa = PBXBuildFile; fileRef = C344393B198BE61D00133B51 /* UITextView+Placeholder.m */; };
		C3443959198BE61D00133B51 /* CommonViewController.m in Sources */ = {isa = PBXBuildFile; fileRef = C344393D198BE61D00133B51 /* CommonViewController.m */; };
		C344395A198BE61D00133B51 /* HWConnect.m in Sources */ = {isa = PBXBuildFile; fileRef = C344393F198BE61D00133B51 /* HWConnect.m */; };
		C344395B198BE61D00133B51 /* IO.m in Sources */ = {isa = PBXBuildFile; fileRef = C3443944198BE61D00133B51 /* IO.m */; };
		C344395C198BE61D00133B51 /* NSDate+Utils.m in Sources */ = {isa = PBXBuildFile; fileRef = C3443946198BE61D00133B51 /* NSDate+Utils.m */; };
		C344395D198BE61D00133B51 /* NSString+IP.m in Sources */ = {isa = PBXBuildFile; fileRef = C3443948198BE61D00133B51 /* NSString+IP.m */; };
		C344395E198BE61D00133B51 /* NSString+MD5_32.m in Sources */ = {isa = PBXBuildFile; fileRef = C344394A198BE61D00133B51 /* NSString+MD5_32.m */; };
		C344395F198BE61D00133B51 /* NSString+Utils.m in Sources */ = {isa = PBXBuildFile; fileRef = C344394C198BE61D00133B51 /* NSString+Utils.m */; };
		C3443960198BE61D00133B51 /* OSHelper.m in Sources */ = {isa = PBXBuildFile; fileRef = C344394E198BE61D00133B51 /* OSHelper.m */; };
		C3443961198BE61D00133B51 /* UIColor+Utils.m in Sources */ = {isa = PBXBuildFile; fileRef = C3443950198BE61D00133B51 /* UIColor+Utils.m */; };
		C3443962198BE61D00133B51 /* UIImage+Util.m in Sources */ = {isa = PBXBuildFile; fileRef = C3443952198BE61D00133B51 /* UIImage+Util.m */; };
		C3443963198BE61D00133B51 /* UIViewController+BarItem.m in Sources */ = {isa = PBXBuildFile; fileRef = C3443954198BE61D00133B51 /* UIViewController+BarItem.m */; };
		C3443964198BE61D00133B51 /* VersionManager.m in Sources */ = {isa = PBXBuildFile; fileRef = C3443956198BE61D00133B51 /* VersionManager.m */; };
		C3443966198BE62A00133B51 /* CoreBluetooth.framework in Frameworks */ = {isa = PBXBuildFile; fileRef = C3443965198BE62A00133B51 /* CoreBluetooth.framework */; };
		C3443968198BE63200133B51 /* QuartzCore.framework in Frameworks */ = {isa = PBXBuildFile; fileRef = C3443967198BE63200133B51 /* QuartzCore.framework */; };
		C3784469198C7230003BE6D0 /* user_bianji@2x.png in Resources */ = {isa = PBXBuildFile; fileRef = C3784449198C7230003BE6D0 /* user_bianji@2x.png */; };
		C378446A198C7230003BE6D0 /* user_hang@2x.png in Resources */ = {isa = PBXBuildFile; fileRef = C378444A198C7230003BE6D0 /* user_hang@2x.png */; };
		C378446B198C7230003BE6D0 /* user_icon1@2x.png in Resources */ = {isa = PBXBuildFile; fileRef = C378444B198C7230003BE6D0 /* user_icon1@2x.png */; };
		C378446C198C7230003BE6D0 /* user_icon2@2x.png in Resources */ = {isa = PBXBuildFile; fileRef = C378444C198C7230003BE6D0 /* user_icon2@2x.png */; };
		C378446D198C7230003BE6D0 /* user_icon3@2x.png in Resources */ = {isa = PBXBuildFile; fileRef = C378444D198C7230003BE6D0 /* user_icon3@2x.png */; };
		C378446E198C7230003BE6D0 /* user_icon4@2x.png in Resources */ = {isa = PBXBuildFile; fileRef = C378444E198C7230003BE6D0 /* user_icon4@2x.png */; };
		C378446F198C7230003BE6D0 /* user_icon5@2x.png in Resources */ = {isa = PBXBuildFile; fileRef = C378444F198C7230003BE6D0 /* user_icon5@2x.png */; };
		C3784470198C7230003BE6D0 /* user_icon6@2x.png in Resources */ = {isa = PBXBuildFile; fileRef = C3784450198C7230003BE6D0 /* user_icon6@2x.png */; };
		C3784471198C7230003BE6D0 /* train_bg@2x.png in Resources */ = {isa = PBXBuildFile; fileRef = C3784452198C7230003BE6D0 /* train_bg@2x.png */; };
		C3784472198C7230003BE6D0 /* train_pic@2x.png in Resources */ = {isa = PBXBuildFile; fileRef = C3784453198C7230003BE6D0 /* train_pic@2x.png */; };
		C3784473198C7230003BE6D0 /* train_xunlian2@2x.png in Resources */ = {isa = PBXBuildFile; fileRef = C3784454198C7230003BE6D0 /* train_xunlian2@2x.png */; };
		C3784474198C7230003BE6D0 /* train_xunlian3@2x.png in Resources */ = {isa = PBXBuildFile; fileRef = C3784455198C7230003BE6D0 /* train_xunlian3@2x.png */; };
		C3784475198C7230003BE6D0 /* train_xunlian@2x.png in Resources */ = {isa = PBXBuildFile; fileRef = C3784456198C7230003BE6D0 /* train_xunlian@2x.png */; };
		C3784476198C7230003BE6D0 /* ul_back@2x.png in Resources */ = {isa = PBXBuildFile; fileRef = C3784458198C7230003BE6D0 /* ul_back@2x.png */; };
		C3784477198C7230003BE6D0 /* ul_biaoti@2x.png in Resources */ = {isa = PBXBuildFile; fileRef = C3784459198C7230003BE6D0 /* ul_biaoti@2x.png */; };
		C3784478198C7230003BE6D0 /* ul_di@2x.png in Resources */ = {isa = PBXBuildFile; fileRef = C378445A198C7230003BE6D0 /* ul_di@2x.png */; };
		C3784479198C7230003BE6D0 /* ul_gou2@2x.png in Resources */ = {isa = PBXBuildFile; fileRef = C378445B198C7230003BE6D0 /* ul_gou2@2x.png */; };
		C378447A198C7230003BE6D0 /* ul_gou@2x.png in Resources */ = {isa = PBXBuildFile; fileRef = C378445C198C7230003BE6D0 /* ul_gou@2x.png */; };
		C378447B198C7230003BE6D0 /* ul_kuang@2x.png in Resources */ = {isa = PBXBuildFile; fileRef = C378445D198C7230003BE6D0 /* ul_kuang@2x.png */; };
		C378447C198C7230003BE6D0 /* ul_ti@2x.png in Resources */ = {isa = PBXBuildFile; fileRef = C378445E198C7230003BE6D0 /* ul_ti@2x.png */; };
		C378447D198C7230003BE6D0 /* ul_touxiang2@2x.png in Resources */ = {isa = PBXBuildFile; fileRef = C378445F198C7230003BE6D0 /* ul_touxiang2@2x.png */; };
		C378447E198C7230003BE6D0 /* ul_touxiang3@2x.png in Resources */ = {isa = PBXBuildFile; fileRef = C3784460198C7230003BE6D0 /* ul_touxiang3@2x.png */; };
		C378447F198C7230003BE6D0 /* ul_touxiang@2x.png in Resources */ = {isa = PBXBuildFile; fileRef = C3784461198C7230003BE6D0 /* ul_touxiang@2x.png */; };
		C3784480198C7230003BE6D0 /* ul_xinjian2@2x.png in Resources */ = {isa = PBXBuildFile; fileRef = C3784462198C7230003BE6D0 /* ul_xinjian2@2x.png */; };
		C3784481198C7230003BE6D0 /* ul_xinjian@2x.png in Resources */ = {isa = PBXBuildFile; fileRef = C3784463198C7230003BE6D0 /* ul_xinjian@2x.png */; };
		C3784483198C7230003BE6D0 /* main_geren@2x.png in Resources */ = {isa = PBXBuildFile; fileRef = C3784466198C7230003BE6D0 /* main_geren@2x.png */; };
		C3784484198C7230003BE6D0 /* main_shezhin@2x.png in Resources */ = {isa = PBXBuildFile; fileRef = C3784467198C7230003BE6D0 /* main_shezhin@2x.png */; };
		C3784485198C7230003BE6D0 /* main_xunlian@2x.png in Resources */ = {isa = PBXBuildFile; fileRef = C3784468198C7230003BE6D0 /* main_xunlian@2x.png */; };
		C37F9382199C510600B0153D /* UserViewController.m in Sources */ = {isa = PBXBuildFile; fileRef = C37F9380199C510600B0153D /* UserViewController.m */; };
		C37F9383199C510600B0153D /* UserViewController.xib in Resources */ = {isa = PBXBuildFile; fileRef = C37F9381199C510600B0153D /* UserViewController.xib */; };
		C37F99B2199C9C3B00B0153D /* HelpViewController.m in Sources */ = {isa = PBXBuildFile; fileRef = C37F99B0199C9C3B00B0153D /* HelpViewController.m */; };
		C37F99B3199C9C3B00B0153D /* HelpViewController.xib in Resources */ = {isa = PBXBuildFile; fileRef = C37F99B1199C9C3B00B0153D /* HelpViewController.xib */; };
		C37F99CC199CB92C00B0153D /* DownAccessory.png in Resources */ = {isa = PBXBuildFile; fileRef = C37F99C8199CB92B00B0153D /* DownAccessory.png */; };
		C37F99CD199CB92C00B0153D /* DownAccessory@2x.png in Resources */ = {isa = PBXBuildFile; fileRef = C37F99C9199CB92C00B0153D /* DownAccessory@2x.png */; };
		C37F99CE199CB92C00B0153D /* UpAccessory.png in Resources */ = {isa = PBXBuildFile; fileRef = C37F99CA199CB92C00B0153D /* UpAccessory.png */; };
		C37F99CF199CB92C00B0153D /* UpAccessory@2x.png in Resources */ = {isa = PBXBuildFile; fileRef = C37F99CB199CB92C00B0153D /* UpAccessory@2x.png */; };
		C3A7696B19935D8900538AEC /* ExerciseMainViewController.xib in Resources */ = {isa = PBXBuildFile; fileRef = C3A7696A19935D8900538AEC /* ExerciseMainViewController.xib */; };
		C3AA4F6C1999FCB0003E8DD9 /* klpView.m in Sources */ = {isa = PBXBuildFile; fileRef = C3AA4F6B1999FCB0003E8DD9 /* klpView.m */; };
/* End PBXBuildFile section */

/* Begin PBXContainerItemProxy section */
		C3443895198BE08500133B51 /* PBXContainerItemProxy */ = {
			isa = PBXContainerItemProxy;
			containerPortal = C344386D198BE08500133B51 /* Project object */;
			proxyType = 1;
			remoteGlobalIDString = C3443874198BE08500133B51;
			remoteInfo = iTrain;
		};
/* End PBXContainerItemProxy section */

/* Begin PBXFileReference section */
		C3061FD8199389240075E8AC /* BaiKeViewController.h */ = {isa = PBXFileReference; fileEncoding = 4; lastKnownFileType = sourcecode.c.h; path = BaiKeViewController.h; sourceTree = "<group>"; };
		C3061FD9199389240075E8AC /* BaiKeViewController.m */ = {isa = PBXFileReference; fileEncoding = 4; lastKnownFileType = sourcecode.c.objc; path = BaiKeViewController.m; sourceTree = "<group>"; };
		C3061FDA199389240075E8AC /* BaiKeViewController.xib */ = {isa = PBXFileReference; fileEncoding = 4; lastKnownFileType = file.xib; path = BaiKeViewController.xib; sourceTree = "<group>"; };
		C30A45A2199B955800722F5E /* user_icon@2x.png */ = {isa = PBXFileReference; lastKnownFileType = image.png; path = "user_icon@2x.png"; sourceTree = "<group>"; };
		C31C2656198F6E1E007C9614 /* UserCollectionViewCell.h */ = {isa = PBXFileReference; fileEncoding = 4; lastKnownFileType = sourcecode.c.h; path = UserCollectionViewCell.h; sourceTree = "<group>"; };
		C31C2657198F6E1E007C9614 /* UserCollectionViewCell.m */ = {isa = PBXFileReference; fileEncoding = 4; lastKnownFileType = sourcecode.c.objc; path = UserCollectionViewCell.m; sourceTree = "<group>"; };
		C31C2658198F6E1E007C9614 /* UserCollelectionView.xib */ = {isa = PBXFileReference; fileEncoding = 4; lastKnownFileType = file.xib; path = UserCollelectionView.xib; sourceTree = "<group>"; };
		C31C2660198F7A86007C9614 /* UserInfoViewController.h */ = {isa = PBXFileReference; fileEncoding = 4; lastKnownFileType = sourcecode.c.h; path = UserInfoViewController.h; sourceTree = "<group>"; };
		C31C2661198F7A86007C9614 /* UserInfoViewController.m */ = {isa = PBXFileReference; fileEncoding = 4; lastKnownFileType = sourcecode.c.objc; path = UserInfoViewController.m; sourceTree = "<group>"; };
		C31C2665198F7B18007C9614 /* AboutViewController.h */ = {isa = PBXFileReference; fileEncoding = 4; lastKnownFileType = sourcecode.c.h; path = AboutViewController.h; sourceTree = "<group>"; };
		C31C2666198F7B18007C9614 /* AboutViewController.m */ = {isa = PBXFileReference; fileEncoding = 4; lastKnownFileType = sourcecode.c.objc; path = AboutViewController.m; sourceTree = "<group>"; };
		C31C2667198F7B18007C9614 /* AboutViewController.xib */ = {isa = PBXFileReference; fileEncoding = 4; lastKnownFileType = file.xib; path = AboutViewController.xib; sourceTree = "<group>"; };
		C31C266A198F7BF2007C9614 /* ExerciseMainViewController.h */ = {isa = PBXFileReference; fileEncoding = 4; lastKnownFileType = sourcecode.c.h; path = ExerciseMainViewController.h; sourceTree = "<group>"; };
		C31C266B198F7BF2007C9614 /* ExerciseMainViewController.m */ = {isa = PBXFileReference; fileEncoding = 4; lastKnownFileType = sourcecode.c.objc; path = ExerciseMainViewController.m; sourceTree = "<group>"; };
		C3206E63198FDF3800C1F995 /* train_canshu@2x.png */ = {isa = PBXFileReference; lastKnownFileType = image.png; path = "train_canshu@2x.png"; sourceTree = "<group>"; };
		C3206E64198FDF3800C1F995 /* train_tingzhi@2x.png */ = {isa = PBXFileReference; lastKnownFileType = image.png; path = "train_tingzhi@2x.png"; sourceTree = "<group>"; };
		C3206E66198FDF3800C1F995 /* record_hengkuang@2x.png */ = {isa = PBXFileReference; lastKnownFileType = image.png; path = "record_hengkuang@2x.png"; sourceTree = "<group>"; };
		C3206E67198FDF3800C1F995 /* record_jiantou@2x.png */ = {isa = PBXFileReference; lastKnownFileType = image.png; path = "record_jiantou@2x.png"; sourceTree = "<group>"; };
		C3206E68198FDF3800C1F995 /* record_nian@2x.png */ = {isa = PBXFileReference; lastKnownFileType = image.png; path = "record_nian@2x.png"; sourceTree = "<group>"; };
		C3206E69198FDF3800C1F995 /* record_shanchujilu@2x.png */ = {isa = PBXFileReference; lastKnownFileType = image.png; path = "record_shanchujilu@2x.png"; sourceTree = "<group>"; };
		C3206E6A198FDF3800C1F995 /* record_xuanzhongbeijing@2x.png */ = {isa = PBXFileReference; lastKnownFileType = image.png; path = "record_xuanzhongbeijing@2x.png"; sourceTree = "<group>"; };
		C3206E6C198FDF3800C1F995 /* start_daren@2x.png */ = {isa = PBXFileReference; lastKnownFileType = image.png; path = "start_daren@2x.png"; sourceTree = "<group>"; };
		C3206E6D198FDF3800C1F995 /* start_fanmian@2x.png */ = {isa = PBXFileReference; lastKnownFileType = image.png; path = "start_fanmian@2x.png"; sourceTree = "<group>"; };
		C3206E6E198FDF3800C1F995 /* start_fu@2x.png */ = {isa = PBXFileReference; lastKnownFileType = image.png; path = "start_fu@2x.png"; sourceTree = "<group>"; };
		C3206E6F198FDF3800C1F995 /* start_kaishixunlian2@2x.png */ = {isa = PBXFileReference; lastKnownFileType = image.png; path = "start_kaishixunlian2@2x.png"; sourceTree = "<group>"; };
		C3206E70198FDF3800C1F995 /* start_kaishixunlian@2x.png */ = {isa = PBXFileReference; lastKnownFileType = image.png; path = "start_kaishixunlian@2x.png"; sourceTree = "<group>"; };
		C3206E71198FDF3800C1F995 /* start_quan2@2x.png */ = {isa = PBXFileReference; lastKnownFileType = image.png; path = "start_quan2@2x.png"; sourceTree = "<group>"; };
		C3206E72198FDF3800C1F995 /* start_quan3@2x.png */ = {isa = PBXFileReference; lastKnownFileType = image.png; path = "start_quan3@2x.png"; sourceTree = "<group>"; };
		C3206E73198FDF3800C1F995 /* start_quan4@2x.png */ = {isa = PBXFileReference; lastKnownFileType = image.png; path = "start_quan4@2x.png"; sourceTree = "<group>"; };
		C3206E74198FDF3800C1F995 /* start_quan5@2x.png */ = {isa = PBXFileReference; lastKnownFileType = image.png; path = "start_quan5@2x.png"; sourceTree = "<group>"; };
		C3206E75198FDF3800C1F995 /* start_quan6@2x.png */ = {isa = PBXFileReference; lastKnownFileType = image.png; path = "start_quan6@2x.png"; sourceTree = "<group>"; };
		C3206E76198FDF3800C1F995 /* start_quan7@2x.png */ = {isa = PBXFileReference; lastKnownFileType = image.png; path = "start_quan7@2x.png"; sourceTree = "<group>"; };
		C3206E77198FDF3800C1F995 /* start_quan@2x.png */ = {isa = PBXFileReference; lastKnownFileType = image.png; path = "start_quan@2x.png"; sourceTree = "<group>"; };
		C3206E78198FDF3800C1F995 /* start_ren@2x.png */ = {isa = PBXFileReference; lastKnownFileType = image.png; path = "start_ren@2x.png"; sourceTree = "<group>"; };
		C3206E79198FDF3800C1F995 /* start_shuzikuang@2x.png */ = {isa = PBXFileReference; lastKnownFileType = image.png; path = "start_shuzikuang@2x.png"; sourceTree = "<group>"; };
		C3206E7A198FDF3800C1F995 /* start_xiong@2x.png */ = {isa = PBXFileReference; lastKnownFileType = image.png; path = "start_xiong@2x.png"; sourceTree = "<group>"; };
		C3206E7B198FDF3800C1F995 /* start_youshou@2x.png */ = {isa = PBXFileReference; lastKnownFileType = image.png; path = "start_youshou@2x.png"; sourceTree = "<group>"; };
		C3206E7C198FDF3800C1F995 /* start_youtui@2x.png */ = {isa = PBXFileReference; lastKnownFileType = image.png; path = "start_youtui@2x.png"; sourceTree = "<group>"; };
		C3206E7D198FDF3800C1F995 /* start_zuoshou@2x.png */ = {isa = PBXFileReference; lastKnownFileType = image.png; path = "start_zuoshou@2x.png"; sourceTree = "<group>"; };
		C3206E7E198FDF3800C1F995 /* start_zuotui@2x.png */ = {isa = PBXFileReference; lastKnownFileType = image.png; path = "start_zuotui@2x.png"; sourceTree = "<group>"; };
		C3206E80198FDF3800C1F995 /* detail_facebook@2x.png */ = {isa = PBXFileReference; lastKnownFileType = image.png; path = "detail_facebook@2x.png"; sourceTree = "<group>"; };
		C3206E81198FDF3800C1F995 /* detail_fasongchenggong@2x.png */ = {isa = PBXFileReference; lastKnownFileType = image.png; path = "detail_fasongchenggong@2x.png"; sourceTree = "<group>"; };
		C3206E82198FDF3800C1F995 /* detail_fenxiang@2x.png */ = {isa = PBXFileReference; lastKnownFileType = image.png; path = "detail_fenxiang@2x.png"; sourceTree = "<group>"; };
		C3206E83198FDF3800C1F995 /* detail_kuang2@2x.png */ = {isa = PBXFileReference; lastKnownFileType = image.png; path = "detail_kuang2@2x.png"; sourceTree = "<group>"; };
		C3206E84198FDF3800C1F995 /* detail_kuang@2x.png */ = {isa = PBXFileReference; lastKnownFileType = image.png; path = "detail_kuang@2x.png"; sourceTree = "<group>"; };
		C3206E85198FDF3800C1F995 /* detail_quxiao@2x.png */ = {isa = PBXFileReference; lastKnownFileType = image.png; path = "detail_quxiao@2x.png"; sourceTree = "<group>"; };
		C3206E86198FDF3800C1F995 /* detail_weixin@2x.png */ = {isa = PBXFileReference; lastKnownFileType = image.png; path = "detail_weixin@2x.png"; sourceTree = "<group>"; };
		C3206EA9198FDF5100C1F995 /* plan_bi@2x.png */ = {isa = PBXFileReference; lastKnownFileType = image.png; path = "plan_bi@2x.png"; sourceTree = "<group>"; };
		C3206EAA198FDF5100C1F995 /* plan_chongxinjihua@2x.png */ = {isa = PBXFileReference; lastKnownFileType = image.png; path = "plan_chongxinjihua@2x.png"; sourceTree = "<group>"; };
		C3206EAB198FDF5100C1F995 /* plan_guan@2x.png */ = {isa = PBXFileReference; lastKnownFileType = image.png; path = "plan_guan@2x.png"; sourceTree = "<group>"; };
		C3206EAC198FDF5100C1F995 /* plan_kai@2x.png */ = {isa = PBXFileReference; lastKnownFileType = image.png; path = "plan_kai@2x.png"; sourceTree = "<group>"; };
		C3206EAD198FDF5100C1F995 /* plan_naozhongshezhi@2x.png */ = {isa = PBXFileReference; lastKnownFileType = image.png; path = "plan_naozhongshezhi@2x.png"; sourceTree = "<group>"; };
		C3206EAE198FDF5100C1F995 /* plan_neirongbeijing@2x.png */ = {isa = PBXFileReference; lastKnownFileType = image.png; path = "plan_neirongbeijing@2x.png"; sourceTree = "<group>"; };
		C3206EAF198FDF5100C1F995 /* plan_shuzibeijign@2x.png */ = {isa = PBXFileReference; lastKnownFileType = image.png; path = "plan_shuzibeijign@2x.png"; sourceTree = "<group>"; };
		C3206EB1198FDF5100C1F995 /* about_icon@2x.png */ = {isa = PBXFileReference; lastKnownFileType = image.png; path = "about_icon@2x.png"; sourceTree = "<group>"; };
		C3206EB2198FDF5100C1F995 /* about_line@2x.png */ = {isa = PBXFileReference; lastKnownFileType = image.png; path = "about_line@2x.png"; sourceTree = "<group>"; };
		C3206EB4198FDF5100C1F995 /* setting_app@2x.png */ = {isa = PBXFileReference; lastKnownFileType = image.png; path = "setting_app@2x.png"; sourceTree = "<group>"; };
		C3206EB5198FDF5100C1F995 /* setting_baike@2x.png */ = {isa = PBXFileReference; lastKnownFileType = image.png; path = "setting_baike@2x.png"; sourceTree = "<group>"; };
		C3206EB6198FDF5100C1F995 /* setting_icom@2x.png */ = {isa = PBXFileReference; lastKnownFileType = image.png; path = "setting_icom@2x.png"; sourceTree = "<group>"; };
		C3206EB7198FDF5100C1F995 /* setting_lanya@2x.png */ = {isa = PBXFileReference; lastKnownFileType = image.png; path = "setting_lanya@2x.png"; sourceTree = "<group>"; };
		C3206EB8198FDF5100C1F995 /* setting_pic1@2x.png */ = {isa = PBXFileReference; lastKnownFileType = image.png; path = "setting_pic1@2x.png"; sourceTree = "<group>"; };
		C3206EB9198FDF5100C1F995 /* setting_pic2@2x.png */ = {isa = PBXFileReference; lastKnownFileType = image.png; path = "setting_pic2@2x.png"; sourceTree = "<group>"; };
		C3206EBA198FDF5100C1F995 /* setting_renti2@2x.png */ = {isa = PBXFileReference; lastKnownFileType = image.png; path = "setting_renti2@2x.png"; sourceTree = "<group>"; };
		C3206EBB198FDF5100C1F995 /* setting_renti@2x.png */ = {isa = PBXFileReference; lastKnownFileType = image.png; path = "setting_renti@2x.png"; sourceTree = "<group>"; };
		C3206EBC198FDF5100C1F995 /* setting_shebei@2x.png */ = {isa = PBXFileReference; lastKnownFileType = image.png; path = "setting_shebei@2x.png"; sourceTree = "<group>"; };
		C3206EBD198FDF5100C1F995 /* setting_shezhi@2x.png */ = {isa = PBXFileReference; lastKnownFileType = image.png; path = "setting_shezhi@2x.png"; sourceTree = "<group>"; };
		C320D1E91995BCC6005637BF /* MainViewController.xib */ = {isa = PBXFileReference; fileEncoding = 4; lastKnownFileType = file.xib; path = MainViewController.xib; sourceTree = "<group>"; };
		C320D1EB1995BDE4005637BF /* UserInfoViewController.xib */ = {isa = PBXFileReference; fileEncoding = 4; lastKnownFileType = file.xib; path = UserInfoViewController.xib; sourceTree = "<group>"; };
		C320D1F119961015005637BF /* back@2x.png */ = {isa = PBXFileReference; lastKnownFileType = image.png; path = "back@2x.png"; sourceTree = "<group>"; };
		C320D1F219961015005637BF /* right_btn@2x.png */ = {isa = PBXFileReference; lastKnownFileType = image.png; path = "right_btn@2x.png"; sourceTree = "<group>"; };
		C320D1F719961CC8005637BF /* tittle_bg.png */ = {isa = PBXFileReference; lastKnownFileType = image.png; path = tittle_bg.png; sourceTree = "<group>"; };
		C32C4312199B3182009FED09 /* SettingViewController.h */ = {isa = PBXFileReference; fileEncoding = 4; lastKnownFileType = sourcecode.c.h; path = SettingViewController.h; sourceTree = "<group>"; };
		C32C4313199B3182009FED09 /* SettingViewController.m */ = {isa = PBXFileReference; fileEncoding = 4; lastKnownFileType = sourcecode.c.objc; path = SettingViewController.m; sourceTree = "<group>"; };
		C32C4314199B3182009FED09 /* SettingViewController.xib */ = {isa = PBXFileReference; fileEncoding = 4; lastKnownFileType = file.xib; path = SettingViewController.xib; sourceTree = "<group>"; };
		C33A26F4199200F7002A9493 /* main_bg@2x.png */ = {isa = PBXFileReference; lastKnownFileType = image.png; path = "main_bg@2x.png"; sourceTree = "<group>"; };
		C33A26F5199200F7002A9493 /* main_logo@2x.png */ = {isa = PBXFileReference; lastKnownFileType = image.png; path = "main_logo@2x.png"; sourceTree = "<group>"; };
		C33A26F6199200F7002A9493 /* mian_text@2x.png */ = {isa = PBXFileReference; lastKnownFileType = image.png; path = "mian_text@2x.png"; sourceTree = "<group>"; };
		C3443875198BE08500133B51 /* iTrain.app */ = {isa = PBXFileReference; explicitFileType = wrapper.application; includeInIndex = 0; path = iTrain.app; sourceTree = BUILT_PRODUCTS_DIR; };
		C3443878198BE08500133B51 /* Foundation.framework */ = {isa = PBXFileReference; lastKnownFileType = wrapper.framework; name = Foundation.framework; path = System/Library/Frameworks/Foundation.framework; sourceTree = SDKROOT; };
		C344387A198BE08500133B51 /* CoreGraphics.framework */ = {isa = PBXFileReference; lastKnownFileType = wrapper.framework; name = CoreGraphics.framework; path = System/Library/Frameworks/CoreGraphics.framework; sourceTree = SDKROOT; };
		C344387C198BE08500133B51 /* UIKit.framework */ = {isa = PBXFileReference; lastKnownFileType = wrapper.framework; name = UIKit.framework; path = System/Library/Frameworks/UIKit.framework; sourceTree = SDKROOT; };
		C3443880198BE08500133B51 /* iTrain-Info.plist */ = {isa = PBXFileReference; lastKnownFileType = text.plist.xml; path = "iTrain-Info.plist"; sourceTree = "<group>"; };
		C3443882198BE08500133B51 /* en */ = {isa = PBXFileReference; lastKnownFileType = text.plist.strings; name = en; path = en.lproj/InfoPlist.strings; sourceTree = "<group>"; };
		C3443884198BE08500133B51 /* main.m */ = {isa = PBXFileReference; lastKnownFileType = sourcecode.c.objc; path = main.m; sourceTree = "<group>"; };
		C3443886198BE08500133B51 /* iTrain-Prefix.pch */ = {isa = PBXFileReference; lastKnownFileType = sourcecode.c.h; path = "iTrain-Prefix.pch"; sourceTree = "<group>"; };
		C3443887198BE08500133B51 /* AppDelegate.h */ = {isa = PBXFileReference; lastKnownFileType = sourcecode.c.h; path = AppDelegate.h; sourceTree = "<group>"; };
		C3443888198BE08500133B51 /* AppDelegate.m */ = {isa = PBXFileReference; lastKnownFileType = sourcecode.c.objc; path = AppDelegate.m; sourceTree = "<group>"; };
		C344388A198BE08500133B51 /* Images.xcassets */ = {isa = PBXFileReference; lastKnownFileType = folder.assetcatalog; path = Images.xcassets; sourceTree = "<group>"; };
		C3443890198BE08500133B51 /* iTrainTests.xctest */ = {isa = PBXFileReference; explicitFileType = wrapper.cfbundle; includeInIndex = 0; path = iTrainTests.xctest; sourceTree = BUILT_PRODUCTS_DIR; };
		C3443891198BE08500133B51 /* XCTest.framework */ = {isa = PBXFileReference; lastKnownFileType = wrapper.framework; name = XCTest.framework; path = Library/Frameworks/XCTest.framework; sourceTree = DEVELOPER_DIR; };
		C3443899198BE08500133B51 /* iTrainTests-Info.plist */ = {isa = PBXFileReference; lastKnownFileType = text.plist.xml; path = "iTrainTests-Info.plist"; sourceTree = "<group>"; };
		C344389B198BE08500133B51 /* en */ = {isa = PBXFileReference; lastKnownFileType = text.plist.strings; name = en; path = en.lproj/InfoPlist.strings; sourceTree = "<group>"; };
		C344389D198BE08500133B51 /* iTrainTests.m */ = {isa = PBXFileReference; lastKnownFileType = sourcecode.c.objc; path = iTrainTests.m; sourceTree = "<group>"; };
		C3443930198BE47C00133B51 /* MainViewController.h */ = {isa = PBXFileReference; fileEncoding = 4; lastKnownFileType = sourcecode.c.h; path = MainViewController.h; sourceTree = "<group>"; };
		C3443931198BE47C00133B51 /* MainViewController.m */ = {isa = PBXFileReference; fileEncoding = 4; lastKnownFileType = sourcecode.c.objc; path = MainViewController.m; sourceTree = "<group>"; };
		C3443935198BE49300133B51 /* AppMacros.h */ = {isa = PBXFileReference; fileEncoding = 4; lastKnownFileType = sourcecode.c.h; path = AppMacros.h; sourceTree = "<group>"; };
		C3443938198BE61D00133B51 /* UITableView+Addition.h */ = {isa = PBXFileReference; fileEncoding = 4; lastKnownFileType = sourcecode.c.h; path = "UITableView+Addition.h"; sourceTree = "<group>"; };
		C3443939198BE61D00133B51 /* UITableView+Addition.m */ = {isa = PBXFileReference; fileEncoding = 4; lastKnownFileType = sourcecode.c.objc; path = "UITableView+Addition.m"; sourceTree = "<group>"; };
		C344393A198BE61D00133B51 /* UITextView+Placeholder.h */ = {isa = PBXFileReference; fileEncoding = 4; lastKnownFileType = sourcecode.c.h; path = "UITextView+Placeholder.h"; sourceTree = "<group>"; };
		C344393B198BE61D00133B51 /* UITextView+Placeholder.m */ = {isa = PBXFileReference; fileEncoding = 4; lastKnownFileType = sourcecode.c.objc; path = "UITextView+Placeholder.m"; sourceTree = "<group>"; };
		C344393C198BE61D00133B51 /* CommonViewController.h */ = {isa = PBXFileReference; fileEncoding = 4; lastKnownFileType = sourcecode.c.h; path = CommonViewController.h; sourceTree = "<group>"; };
		C344393D198BE61D00133B51 /* CommonViewController.m */ = {isa = PBXFileReference; fileEncoding = 4; lastKnownFileType = sourcecode.c.objc; path = CommonViewController.m; sourceTree = "<group>"; };
		C344393E198BE61D00133B51 /* HWConnect.h */ = {isa = PBXFileReference; fileEncoding = 4; lastKnownFileType = sourcecode.c.h; path = HWConnect.h; sourceTree = "<group>"; };
		C344393F198BE61D00133B51 /* HWConnect.m */ = {isa = PBXFileReference; fileEncoding = 4; lastKnownFileType = sourcecode.c.objc; path = HWConnect.m; sourceTree = "<group>"; };
		C3443940198BE61D00133B51 /* HWSDK-Prefix.pch */ = {isa = PBXFileReference; fileEncoding = 4; lastKnownFileType = sourcecode.c.h; path = "HWSDK-Prefix.pch"; sourceTree = "<group>"; };
		C3443941198BE61D00133B51 /* HWSDK.h */ = {isa = PBXFileReference; fileEncoding = 4; lastKnownFileType = sourcecode.c.h; path = HWSDK.h; sourceTree = "<group>"; };
		C3443942198BE61D00133B51 /* HWSDK_Constants.h */ = {isa = PBXFileReference; fileEncoding = 4; lastKnownFileType = sourcecode.c.h; path = HWSDK_Constants.h; sourceTree = "<group>"; };
		C3443943198BE61D00133B51 /* IO.h */ = {isa = PBXFileReference; fileEncoding = 4; lastKnownFileType = sourcecode.c.h; path = IO.h; sourceTree = "<group>"; };
		C3443944198BE61D00133B51 /* IO.m */ = {isa = PBXFileReference; fileEncoding = 4; lastKnownFileType = sourcecode.c.objc; path = IO.m; sourceTree = "<group>"; };
		C3443945198BE61D00133B51 /* NSDate+Utils.h */ = {isa = PBXFileReference; fileEncoding = 4; lastKnownFileType = sourcecode.c.h; path = "NSDate+Utils.h"; sourceTree = "<group>"; };
		C3443946198BE61D00133B51 /* NSDate+Utils.m */ = {isa = PBXFileReference; fileEncoding = 4; lastKnownFileType = sourcecode.c.objc; path = "NSDate+Utils.m"; sourceTree = "<group>"; };
		C3443947198BE61D00133B51 /* NSString+IP.h */ = {isa = PBXFileReference; fileEncoding = 4; lastKnownFileType = sourcecode.c.h; path = "NSString+IP.h"; sourceTree = "<group>"; };
		C3443948198BE61D00133B51 /* NSString+IP.m */ = {isa = PBXFileReference; fileEncoding = 4; lastKnownFileType = sourcecode.c.objc; path = "NSString+IP.m"; sourceTree = "<group>"; };
		C3443949198BE61D00133B51 /* NSString+MD5_32.h */ = {isa = PBXFileReference; fileEncoding = 4; lastKnownFileType = sourcecode.c.h; path = "NSString+MD5_32.h"; sourceTree = "<group>"; };
		C344394A198BE61D00133B51 /* NSString+MD5_32.m */ = {isa = PBXFileReference; fileEncoding = 4; lastKnownFileType = sourcecode.c.objc; path = "NSString+MD5_32.m"; sourceTree = "<group>"; };
		C344394B198BE61D00133B51 /* NSString+Utils.h */ = {isa = PBXFileReference; fileEncoding = 4; lastKnownFileType = sourcecode.c.h; path = "NSString+Utils.h"; sourceTree = "<group>"; };
		C344394C198BE61D00133B51 /* NSString+Utils.m */ = {isa = PBXFileReference; fileEncoding = 4; lastKnownFileType = sourcecode.c.objc; path = "NSString+Utils.m"; sourceTree = "<group>"; };
		C344394D198BE61D00133B51 /* OSHelper.h */ = {isa = PBXFileReference; fileEncoding = 4; lastKnownFileType = sourcecode.c.h; path = OSHelper.h; sourceTree = "<group>"; };
		C344394E198BE61D00133B51 /* OSHelper.m */ = {isa = PBXFileReference; fileEncoding = 4; lastKnownFileType = sourcecode.c.objc; path = OSHelper.m; sourceTree = "<group>"; };
		C344394F198BE61D00133B51 /* UIColor+Utils.h */ = {isa = PBXFileReference; fileEncoding = 4; lastKnownFileType = sourcecode.c.h; path = "UIColor+Utils.h"; sourceTree = "<group>"; };
		C3443950198BE61D00133B51 /* UIColor+Utils.m */ = {isa = PBXFileReference; fileEncoding = 4; lastKnownFileType = sourcecode.c.objc; path = "UIColor+Utils.m"; sourceTree = "<group>"; };
		C3443951198BE61D00133B51 /* UIImage+Util.h */ = {isa = PBXFileReference; fileEncoding = 4; lastKnownFileType = sourcecode.c.h; path = "UIImage+Util.h"; sourceTree = "<group>"; };
		C3443952198BE61D00133B51 /* UIImage+Util.m */ = {isa = PBXFileReference; fileEncoding = 4; lastKnownFileType = sourcecode.c.objc; path = "UIImage+Util.m"; sourceTree = "<group>"; };
		C3443953198BE61D00133B51 /* UIViewController+BarItem.h */ = {isa = PBXFileReference; fileEncoding = 4; lastKnownFileType = sourcecode.c.h; path = "UIViewController+BarItem.h"; sourceTree = "<group>"; };
		C3443954198BE61D00133B51 /* UIViewController+BarItem.m */ = {isa = PBXFileReference; fileEncoding = 4; lastKnownFileType = sourcecode.c.objc; path = "UIViewController+BarItem.m"; sourceTree = "<group>"; };
		C3443955198BE61D00133B51 /* VersionManager.h */ = {isa = PBXFileReference; fileEncoding = 4; lastKnownFileType = sourcecode.c.h; path = VersionManager.h; sourceTree = "<group>"; };
		C3443956198BE61D00133B51 /* VersionManager.m */ = {isa = PBXFileReference; fileEncoding = 4; lastKnownFileType = sourcecode.c.objc; path = VersionManager.m; sourceTree = "<group>"; };
		C3443965198BE62A00133B51 /* CoreBluetooth.framework */ = {isa = PBXFileReference; lastKnownFileType = wrapper.framework; name = CoreBluetooth.framework; path = System/Library/Frameworks/CoreBluetooth.framework; sourceTree = SDKROOT; };
		C3443967198BE63200133B51 /* QuartzCore.framework */ = {isa = PBXFileReference; lastKnownFileType = wrapper.framework; name = QuartzCore.framework; path = System/Library/Frameworks/QuartzCore.framework; sourceTree = SDKROOT; };
		C3784449198C7230003BE6D0 /* user_bianji@2x.png */ = {isa = PBXFileReference; lastKnownFileType = image.png; path = "user_bianji@2x.png"; sourceTree = "<group>"; };
		C378444A198C7230003BE6D0 /* user_hang@2x.png */ = {isa = PBXFileReference; lastKnownFileType = image.png; path = "user_hang@2x.png"; sourceTree = "<group>"; };
		C378444B198C7230003BE6D0 /* user_icon1@2x.png */ = {isa = PBXFileReference; lastKnownFileType = image.png; path = "user_icon1@2x.png"; sourceTree = "<group>"; };
		C378444C198C7230003BE6D0 /* user_icon2@2x.png */ = {isa = PBXFileReference; lastKnownFileType = image.png; path = "user_icon2@2x.png"; sourceTree = "<group>"; };
		C378444D198C7230003BE6D0 /* user_icon3@2x.png */ = {isa = PBXFileReference; lastKnownFileType = image.png; path = "user_icon3@2x.png"; sourceTree = "<group>"; };
		C378444E198C7230003BE6D0 /* user_icon4@2x.png */ = {isa = PBXFileReference; lastKnownFileType = image.png; path = "user_icon4@2x.png"; sourceTree = "<group>"; };
		C378444F198C7230003BE6D0 /* user_icon5@2x.png */ = {isa = PBXFileReference; lastKnownFileType = image.png; path = "user_icon5@2x.png"; sourceTree = "<group>"; };
		C3784450198C7230003BE6D0 /* user_icon6@2x.png */ = {isa = PBXFileReference; lastKnownFileType = image.png; path = "user_icon6@2x.png"; sourceTree = "<group>"; };
		C3784452198C7230003BE6D0 /* train_bg@2x.png */ = {isa = PBXFileReference; lastKnownFileType = image.png; path = "train_bg@2x.png"; sourceTree = "<group>"; };
		C3784453198C7230003BE6D0 /* train_pic@2x.png */ = {isa = PBXFileReference; lastKnownFileType = image.png; path = "train_pic@2x.png"; sourceTree = "<group>"; };
		C3784454198C7230003BE6D0 /* train_xunlian2@2x.png */ = {isa = PBXFileReference; lastKnownFileType = image.png; path = "train_xunlian2@2x.png"; sourceTree = "<group>"; };
		C3784455198C7230003BE6D0 /* train_xunlian3@2x.png */ = {isa = PBXFileReference; lastKnownFileType = image.png; path = "train_xunlian3@2x.png"; sourceTree = "<group>"; };
		C3784456198C7230003BE6D0 /* train_xunlian@2x.png */ = {isa = PBXFileReference; lastKnownFileType = image.png; path = "train_xunlian@2x.png"; sourceTree = "<group>"; };
		C3784458198C7230003BE6D0 /* ul_back@2x.png */ = {isa = PBXFileReference; lastKnownFileType = image.png; path = "ul_back@2x.png"; sourceTree = "<group>"; };
		C3784459198C7230003BE6D0 /* ul_biaoti@2x.png */ = {isa = PBXFileReference; lastKnownFileType = image.png; path = "ul_biaoti@2x.png"; sourceTree = "<group>"; };
		C378445A198C7230003BE6D0 /* ul_di@2x.png */ = {isa = PBXFileReference; lastKnownFileType = image.png; path = "ul_di@2x.png"; sourceTree = "<group>"; };
		C378445B198C7230003BE6D0 /* ul_gou2@2x.png */ = {isa = PBXFileReference; lastKnownFileType = image.png; path = "ul_gou2@2x.png"; sourceTree = "<group>"; };
		C378445C198C7230003BE6D0 /* ul_gou@2x.png */ = {isa = PBXFileReference; lastKnownFileType = image.png; path = "ul_gou@2x.png"; sourceTree = "<group>"; };
		C378445D198C7230003BE6D0 /* ul_kuang@2x.png */ = {isa = PBXFileReference; lastKnownFileType = image.png; path = "ul_kuang@2x.png"; sourceTree = "<group>"; };
		C378445E198C7230003BE6D0 /* ul_ti@2x.png */ = {isa = PBXFileReference; lastKnownFileType = image.png; path = "ul_ti@2x.png"; sourceTree = "<group>"; };
		C378445F198C7230003BE6D0 /* ul_touxiang2@2x.png */ = {isa = PBXFileReference; lastKnownFileType = image.png; path = "ul_touxiang2@2x.png"; sourceTree = "<group>"; };
		C3784460198C7230003BE6D0 /* ul_touxiang3@2x.png */ = {isa = PBXFileReference; lastKnownFileType = image.png; path = "ul_touxiang3@2x.png"; sourceTree = "<group>"; };
		C3784461198C7230003BE6D0 /* ul_touxiang@2x.png */ = {isa = PBXFileReference; lastKnownFileType = image.png; path = "ul_touxiang@2x.png"; sourceTree = "<group>"; };
		C3784462198C7230003BE6D0 /* ul_xinjian2@2x.png */ = {isa = PBXFileReference; lastKnownFileType = image.png; path = "ul_xinjian2@2x.png"; sourceTree = "<group>"; };
		C3784463198C7230003BE6D0 /* ul_xinjian@2x.png */ = {isa = PBXFileReference; lastKnownFileType = image.png; path = "ul_xinjian@2x.png"; sourceTree = "<group>"; };
		C3784466198C7230003BE6D0 /* main_geren@2x.png */ = {isa = PBXFileReference; lastKnownFileType = image.png; path = "main_geren@2x.png"; sourceTree = "<group>"; };
		C3784467198C7230003BE6D0 /* main_shezhin@2x.png */ = {isa = PBXFileReference; lastKnownFileType = image.png; path = "main_shezhin@2x.png"; sourceTree = "<group>"; };
		C3784468198C7230003BE6D0 /* main_xunlian@2x.png */ = {isa = PBXFileReference; lastKnownFileType = image.png; path = "main_xunlian@2x.png"; sourceTree = "<group>"; };
		C37F937F199C510600B0153D /* UserViewController.h */ = {isa = PBXFileReference; fileEncoding = 4; lastKnownFileType = sourcecode.c.h; path = UserViewController.h; sourceTree = "<group>"; };
		C37F9380199C510600B0153D /* UserViewController.m */ = {isa = PBXFileReference; fileEncoding = 4; lastKnownFileType = sourcecode.c.objc; path = UserViewController.m; sourceTree = "<group>"; };
		C37F9381199C510600B0153D /* UserViewController.xib */ = {isa = PBXFileReference; fileEncoding = 4; lastKnownFileType = file.xib; path = UserViewController.xib; sourceTree = "<group>"; };
		C37F99AF199C9C3B00B0153D /* HelpViewController.h */ = {isa = PBXFileReference; fileEncoding = 4; lastKnownFileType = sourcecode.c.h; path = HelpViewController.h; sourceTree = "<group>"; };
		C37F99B0199C9C3B00B0153D /* HelpViewController.m */ = {isa = PBXFileReference; fileEncoding = 4; lastKnownFileType = sourcecode.c.objc; path = HelpViewController.m; sourceTree = "<group>"; };
		C37F99B1199C9C3B00B0153D /* HelpViewController.xib */ = {isa = PBXFileReference; fileEncoding = 4; lastKnownFileType = file.xib; path = HelpViewController.xib; sourceTree = "<group>"; };
		C37F99C8199CB92B00B0153D /* DownAccessory.png */ = {isa = PBXFileReference; lastKnownFileType = image.png; path = DownAccessory.png; sourceTree = "<group>"; };
		C37F99C9199CB92C00B0153D /* DownAccessory@2x.png */ = {isa = PBXFileReference; lastKnownFileType = image.png; path = "DownAccessory@2x.png"; sourceTree = "<group>"; };
		C37F99CA199CB92C00B0153D /* UpAccessory.png */ = {isa = PBXFileReference; lastKnownFileType = image.png; path = UpAccessory.png; sourceTree = "<group>"; };
		C37F99CB199CB92C00B0153D /* UpAccessory@2x.png */ = {isa = PBXFileReference; lastKnownFileType = image.png; path = "UpAccessory@2x.png"; sourceTree = "<group>"; };
		C3A7696A19935D8900538AEC /* ExerciseMainViewController.xib */ = {isa = PBXFileReference; fileEncoding = 4; lastKnownFileType = file.xib; path = ExerciseMainViewController.xib; sourceTree = "<group>"; };
		C3AA4F6A1999FCB0003E8DD9 /* klpView.h */ = {isa = PBXFileReference; fileEncoding = 4; lastKnownFileType = sourcecode.c.h; path = klpView.h; sourceTree = "<group>"; };
		C3AA4F6B1999FCB0003E8DD9 /* klpView.m */ = {isa = PBXFileReference; fileEncoding = 4; lastKnownFileType = sourcecode.c.objc; path = klpView.m; sourceTree = "<group>"; };
/* End PBXFileReference section */

/* Begin PBXFrameworksBuildPhase section */
		C3443872198BE08500133B51 /* Frameworks */ = {
			isa = PBXFrameworksBuildPhase;
			buildActionMask = 2147483647;
			files = (
				C3443968198BE63200133B51 /* QuartzCore.framework in Frameworks */,
				C3443966198BE62A00133B51 /* CoreBluetooth.framework in Frameworks */,
				C344387B198BE08500133B51 /* CoreGraphics.framework in Frameworks */,
				C344387D198BE08500133B51 /* UIKit.framework in Frameworks */,
				C3443879198BE08500133B51 /* Foundation.framework in Frameworks */,
			);
			runOnlyForDeploymentPostprocessing = 0;
		};
		C344388D198BE08500133B51 /* Frameworks */ = {
			isa = PBXFrameworksBuildPhase;
			buildActionMask = 2147483647;
			files = (
				C3443892198BE08500133B51 /* XCTest.framework in Frameworks */,
				C3443894198BE08500133B51 /* UIKit.framework in Frameworks */,
				C3443893198BE08500133B51 /* Foundation.framework in Frameworks */,
			);
			runOnlyForDeploymentPostprocessing = 0;
		};
/* End PBXFrameworksBuildPhase section */

/* Begin PBXGroup section */
		C3206E62198FDF3800C1F995 /* 08训练2 */ = {
			isa = PBXGroup;
			children = (
				C3206E63198FDF3800C1F995 /* train_canshu@2x.png */,
				C3206E64198FDF3800C1F995 /* train_tingzhi@2x.png */,
			);
			path = "08训练2";
			sourceTree = "<group>";
		};
		C3206E65198FDF3800C1F995 /* 09训练记录 */ = {
			isa = PBXGroup;
			children = (
				C3206E66198FDF3800C1F995 /* record_hengkuang@2x.png */,
				C3206E67198FDF3800C1F995 /* record_jiantou@2x.png */,
				C3206E68198FDF3800C1F995 /* record_nian@2x.png */,
				C3206E69198FDF3800C1F995 /* record_shanchujilu@2x.png */,
				C3206E6A198FDF3800C1F995 /* record_xuanzhongbeijing@2x.png */,
			);
			path = "09训练记录";
			sourceTree = "<group>";
		};
		C3206E6B198FDF3800C1F995 /* 开始训练 */ = {
			isa = PBXGroup;
			children = (
				C3206E6C198FDF3800C1F995 /* start_daren@2x.png */,
				C3206E6D198FDF3800C1F995 /* start_fanmian@2x.png */,
				C3206E6E198FDF3800C1F995 /* start_fu@2x.png */,
				C3206E6F198FDF3800C1F995 /* start_kaishixunlian2@2x.png */,
				C3206E70198FDF3800C1F995 /* start_kaishixunlian@2x.png */,
				C3206E71198FDF3800C1F995 /* start_quan2@2x.png */,
				C3206E72198FDF3800C1F995 /* start_quan3@2x.png */,
				C3206E73198FDF3800C1F995 /* start_quan4@2x.png */,
				C3206E74198FDF3800C1F995 /* start_quan5@2x.png */,
				C3206E75198FDF3800C1F995 /* start_quan6@2x.png */,
				C3206E76198FDF3800C1F995 /* start_quan7@2x.png */,
				C3206E77198FDF3800C1F995 /* start_quan@2x.png */,
				C3206E78198FDF3800C1F995 /* start_ren@2x.png */,
				C3206E79198FDF3800C1F995 /* start_shuzikuang@2x.png */,
				C3206E7A198FDF3800C1F995 /* start_xiong@2x.png */,
				C3206E7B198FDF3800C1F995 /* start_youshou@2x.png */,
				C3206E7C198FDF3800C1F995 /* start_youtui@2x.png */,
				C3206E7D198FDF3800C1F995 /* start_zuoshou@2x.png */,
				C3206E7E198FDF3800C1F995 /* start_zuotui@2x.png */,
			);
			path = "开始训练";
			sourceTree = "<group>";
		};
		C3206E7F198FDF3800C1F995 /* 详细记录 */ = {
			isa = PBXGroup;
			children = (
				C3206E80198FDF3800C1F995 /* detail_facebook@2x.png */,
				C3206E81198FDF3800C1F995 /* detail_fasongchenggong@2x.png */,
				C3206E82198FDF3800C1F995 /* detail_fenxiang@2x.png */,
				C3206E83198FDF3800C1F995 /* detail_kuang2@2x.png */,
				C3206E84198FDF3800C1F995 /* detail_kuang@2x.png */,
				C3206E85198FDF3800C1F995 /* detail_quxiao@2x.png */,
				C3206E86198FDF3800C1F995 /* detail_weixin@2x.png */,
			);
			path = "详细记录";
			sourceTree = "<group>";
		};
		C3206EA8198FDF5000C1F995 /* 11训练计划 */ = {
			isa = PBXGroup;
			children = (
				C3206EA9198FDF5100C1F995 /* plan_bi@2x.png */,
				C3206EAA198FDF5100C1F995 /* plan_chongxinjihua@2x.png */,
				C3206EAB198FDF5100C1F995 /* plan_guan@2x.png */,
				C3206EAC198FDF5100C1F995 /* plan_kai@2x.png */,
				C3206EAD198FDF5100C1F995 /* plan_naozhongshezhi@2x.png */,
				C3206EAE198FDF5100C1F995 /* plan_neirongbeijing@2x.png */,
				C3206EAF198FDF5100C1F995 /* plan_shuzibeijign@2x.png */,
			);
			path = "11训练计划";
			sourceTree = "<group>";
		};
		C3206EB0198FDF5100C1F995 /* 关于系统 */ = {
			isa = PBXGroup;
			children = (
				C3206EB1198FDF5100C1F995 /* about_icon@2x.png */,
				C3206EB2198FDF5100C1F995 /* about_line@2x.png */,
			);
			path = "关于系统";
			sourceTree = "<group>";
		};
		C3206EB3198FDF5100C1F995 /* 设置 */ = {
			isa = PBXGroup;
			children = (
				C3206EB4198FDF5100C1F995 /* setting_app@2x.png */,
				C3206EB5198FDF5100C1F995 /* setting_baike@2x.png */,
				C3206EB6198FDF5100C1F995 /* setting_icom@2x.png */,
				C3206EB7198FDF5100C1F995 /* setting_lanya@2x.png */,
				C3206EB8198FDF5100C1F995 /* setting_pic1@2x.png */,
				C3206EB9198FDF5100C1F995 /* setting_pic2@2x.png */,
				C3206EBA198FDF5100C1F995 /* setting_renti2@2x.png */,
				C3206EBB198FDF5100C1F995 /* setting_renti@2x.png */,
				C3206EBC198FDF5100C1F995 /* setting_shebei@2x.png */,
				C3206EBD198FDF5100C1F995 /* setting_shezhi@2x.png */,
			);
			name = "设置";
			path = "../设置";
			sourceTree = "<group>";
		};
		C320D1F019961015005637BF /* 导航栏 */ = {
			isa = PBXGroup;
			children = (
				C37F99C8199CB92B00B0153D /* DownAccessory.png */,
				C37F99C9199CB92C00B0153D /* DownAccessory@2x.png */,
				C37F99CA199CB92C00B0153D /* UpAccessory.png */,
				C37F99CB199CB92C00B0153D /* UpAccessory@2x.png */,
				C320D1F719961CC8005637BF /* tittle_bg.png */,
				C320D1F119961015005637BF /* back@2x.png */,
				C320D1F219961015005637BF /* right_btn@2x.png */,
			);
			path = "导航栏";
			sourceTree = "<group>";
		};
		C344386C198BE08500133B51 = {
			isa = PBXGroup;
			children = (
				C344387E198BE08500133B51 /* iTrain */,
				C3443897198BE08500133B51 /* iTrainTests */,
				C3443877198BE08500133B51 /* Frameworks */,
				C3443876198BE08500133B51 /* Products */,
			);
			sourceTree = "<group>";
		};
		C3443876198BE08500133B51 /* Products */ = {
			isa = PBXGroup;
			children = (
				C3443875198BE08500133B51 /* iTrain.app */,
				C3443890198BE08500133B51 /* iTrainTests.xctest */,
			);
			name = Products;
			sourceTree = "<group>";
		};
		C3443877198BE08500133B51 /* Frameworks */ = {
			isa = PBXGroup;
			children = (
				C3443967198BE63200133B51 /* QuartzCore.framework */,
				C3443965198BE62A00133B51 /* CoreBluetooth.framework */,
				C3443878198BE08500133B51 /* Foundation.framework */,
				C344387A198BE08500133B51 /* CoreGraphics.framework */,
				C344387C198BE08500133B51 /* UIKit.framework */,
				C3443891198BE08500133B51 /* XCTest.framework */,
			);
			name = Frameworks;
			sourceTree = "<group>";
		};
		C344387E198BE08500133B51 /* iTrain */ = {
			isa = PBXGroup;
			children = (
				C34438AD198BE0C300133B51 /* Models */,
				C34438AC198BE0BC00133B51 /* General */,
				C34438AB198BE0B300133B51 /* Vendors */,
				C34438AA198BE0AC00133B51 /* Resources */,
				C34438A9198BE0A200133B51 /* Macros */,
				C34438A8198BE09700133B51 /* Controllers */,
				C34438A7198BE08E00133B51 /* AppDelegate */,
				C344388A198BE08500133B51 /* Images.xcassets */,
				C344387F198BE08500133B51 /* Supporting Files */,
			);
			path = iTrain;
			sourceTree = "<group>";
		};
		C344387F198BE08500133B51 /* Supporting Files */ = {
			isa = PBXGroup;
			children = (
				C3443880198BE08500133B51 /* iTrain-Info.plist */,
				C3443881198BE08500133B51 /* InfoPlist.strings */,
				C3443884198BE08500133B51 /* main.m */,
				C3443886198BE08500133B51 /* iTrain-Prefix.pch */,
			);
			path = "Supporting Files";
			sourceTree = "<group>";
		};
		C3443897198BE08500133B51 /* iTrainTests */ = {
			isa = PBXGroup;
			children = (
				C344389D198BE08500133B51 /* iTrainTests.m */,
				C3443898198BE08500133B51 /* Supporting Files */,
			);
			path = iTrainTests;
			sourceTree = "<group>";
		};
		C3443898198BE08500133B51 /* Supporting Files */ = {
			isa = PBXGroup;
			children = (
				C3443899198BE08500133B51 /* iTrainTests-Info.plist */,
				C344389A198BE08500133B51 /* InfoPlist.strings */,
			);
			path = "Supporting Files";
			sourceTree = "<group>";
		};
		C34438A7198BE08E00133B51 /* AppDelegate */ = {
			isa = PBXGroup;
			children = (
				C3443887198BE08500133B51 /* AppDelegate.h */,
				C3443888198BE08500133B51 /* AppDelegate.m */,
			);
			path = AppDelegate;
			sourceTree = "<group>";
		};
		C34438A8198BE09700133B51 /* Controllers */ = {
			isa = PBXGroup;
			children = (
				C3061FD8199389240075E8AC /* BaiKeViewController.h */,
				C3061FD9199389240075E8AC /* BaiKeViewController.m */,
				C3061FDA199389240075E8AC /* BaiKeViewController.xib */,
				C31C2660198F7A86007C9614 /* UserInfoViewController.h */,
				C31C2661198F7A86007C9614 /* UserInfoViewController.m */,
				C320D1EB1995BDE4005637BF /* UserInfoViewController.xib */,
				C3443930198BE47C00133B51 /* MainViewController.h */,
				C3443931198BE47C00133B51 /* MainViewController.m */,
				C320D1E91995BCC6005637BF /* MainViewController.xib */,
				C31C2665198F7B18007C9614 /* AboutViewController.h */,
				C31C2666198F7B18007C9614 /* AboutViewController.m */,
				C31C2667198F7B18007C9614 /* AboutViewController.xib */,
				C31C266A198F7BF2007C9614 /* ExerciseMainViewController.h */,
				C31C266B198F7BF2007C9614 /* ExerciseMainViewController.m */,
				C3A7696A19935D8900538AEC /* ExerciseMainViewController.xib */,
				C32C4312199B3182009FED09 /* SettingViewController.h */,
				C32C4313199B3182009FED09 /* SettingViewController.m */,
				C32C4314199B3182009FED09 /* SettingViewController.xib */,
				C37F937F199C510600B0153D /* UserViewController.h */,
				C37F9380199C510600B0153D /* UserViewController.m */,
				C37F9381199C510600B0153D /* UserViewController.xib */,
				C37F99AF199C9C3B00B0153D /* HelpViewController.h */,
				C37F99B0199C9C3B00B0153D /* HelpViewController.m */,
				C37F99B1199C9C3B00B0153D /* HelpViewController.xib */,
			);
			path = Controllers;
			sourceTree = "<group>";
		};
		C34438A9198BE0A200133B51 /* Macros */ = {
			isa = PBXGroup;
			children = (
				C3443935198BE49300133B51 /* AppMacros.h */,
			);
			path = Macros;
			sourceTree = "<group>";
		};
		C34438AA198BE0AC00133B51 /* Resources */ = {
			isa = PBXGroup;
			children = (
				C34438B0198BE10400133B51 /* images */,
			);
			path = Resources;
			sourceTree = "<group>";
		};
		C34438AB198BE0B300133B51 /* Vendors */ = {
			isa = PBXGroup;
			children = (
				C3443936198BE61D00133B51 /* HWSDK */,
			);
			path = Vendors;
			sourceTree = "<group>";
		};
		C34438AC198BE0BC00133B51 /* General */ = {
			isa = PBXGroup;
			children = (
				C34438AF198BE0D400133B51 /* Golbal */,
				C34438AE198BE0CC00133B51 /* Views */,
			);
			path = General;
			sourceTree = "<group>";
		};
		C34438AD198BE0C300133B51 /* Models */ = {
			isa = PBXGroup;
			children = (
			);
			path = Models;
			sourceTree = "<group>";
		};
		C34438AE198BE0CC00133B51 /* Views */ = {
			isa = PBXGroup;
			children = (
				C3AA4F6A1999FCB0003E8DD9 /* klpView.h */,
				C3AA4F6B1999FCB0003E8DD9 /* klpView.m */,
				C31C2657198F6E1E007C9614 /* UserCollectionViewCell.m */,
				C31C2656198F6E1E007C9614 /* UserCollectionViewCell.h */,
				C31C2658198F6E1E007C9614 /* UserCollelectionView.xib */,
			);
			path = Views;
			sourceTree = "<group>";
		};
		C34438AF198BE0D400133B51 /* Golbal */ = {
			isa = PBXGroup;
			children = (
			);
			path = Golbal;
			sourceTree = "<group>";
		};
		C34438B0198BE10400133B51 /* images */ = {
			isa = PBXGroup;
			children = (
				C320D1F019961015005637BF /* 导航栏 */,
				C3206EA8198FDF5000C1F995 /* 11训练计划 */,
				C3206EB0198FDF5100C1F995 /* 关于系统 */,
				C3206E62198FDF3800C1F995 /* 08训练2 */,
				C3206E65198FDF3800C1F995 /* 09训练记录 */,
				C3206E6B198FDF3800C1F995 /* 开始训练 */,
				C3206E7F198FDF3800C1F995 /* 详细记录 */,
				C3784448198C7230003BE6D0 /* 个人信息 */,
				C3784451198C7230003BE6D0 /* 训练 */,
				C3784457198C7230003BE6D0 /* 用户列表 */,
				C3784464198C7230003BE6D0 /* 主界面 */,
			);
			path = images;
			sourceTree = "<group>";
		};
		C3443936198BE61D00133B51 /* HWSDK */ = {
			isa = PBXGroup;
			children = (
				C3443937198BE61D00133B51 /* Categories */,
				C344393C198BE61D00133B51 /* CommonViewController.h */,
				C344393D198BE61D00133B51 /* CommonViewController.m */,
				C344393E198BE61D00133B51 /* HWConnect.h */,
				C344393F198BE61D00133B51 /* HWConnect.m */,
				C3443940198BE61D00133B51 /* HWSDK-Prefix.pch */,
				C3443941198BE61D00133B51 /* HWSDK.h */,
				C3443942198BE61D00133B51 /* HWSDK_Constants.h */,
				C3443943198BE61D00133B51 /* IO.h */,
				C3443944198BE61D00133B51 /* IO.m */,
				C3443945198BE61D00133B51 /* NSDate+Utils.h */,
				C3443946198BE61D00133B51 /* NSDate+Utils.m */,
				C3443947198BE61D00133B51 /* NSString+IP.h */,
				C3443948198BE61D00133B51 /* NSString+IP.m */,
				C3443949198BE61D00133B51 /* NSString+MD5_32.h */,
				C344394A198BE61D00133B51 /* NSString+MD5_32.m */,
				C344394B198BE61D00133B51 /* NSString+Utils.h */,
				C344394C198BE61D00133B51 /* NSString+Utils.m */,
				C344394D198BE61D00133B51 /* OSHelper.h */,
				C344394E198BE61D00133B51 /* OSHelper.m */,
				C344394F198BE61D00133B51 /* UIColor+Utils.h */,
				C3443950198BE61D00133B51 /* UIColor+Utils.m */,
				C3443951198BE61D00133B51 /* UIImage+Util.h */,
				C3443952198BE61D00133B51 /* UIImage+Util.m */,
				C3443953198BE61D00133B51 /* UIViewController+BarItem.h */,
				C3443954198BE61D00133B51 /* UIViewController+BarItem.m */,
				C3443955198BE61D00133B51 /* VersionManager.h */,
				C3443956198BE61D00133B51 /* VersionManager.m */,
			);
			path = HWSDK;
			sourceTree = "<group>";
		};
		C3443937198BE61D00133B51 /* Categories */ = {
			isa = PBXGroup;
			children = (
				C3443938198BE61D00133B51 /* UITableView+Addition.h */,
				C3443939198BE61D00133B51 /* UITableView+Addition.m */,
				C344393A198BE61D00133B51 /* UITextView+Placeholder.h */,
				C344393B198BE61D00133B51 /* UITextView+Placeholder.m */,
			);
			path = Categories;
			sourceTree = "<group>";
		};
		C3784448198C7230003BE6D0 /* 个人信息 */ = {
			isa = PBXGroup;
			children = (
				C30A45A2199B955800722F5E /* user_icon@2x.png */,
				C3784449198C7230003BE6D0 /* user_bianji@2x.png */,
				C378444A198C7230003BE6D0 /* user_hang@2x.png */,
				C378444B198C7230003BE6D0 /* user_icon1@2x.png */,
				C378444C198C7230003BE6D0 /* user_icon2@2x.png */,
				C378444D198C7230003BE6D0 /* user_icon3@2x.png */,
				C378444E198C7230003BE6D0 /* user_icon4@2x.png */,
				C378444F198C7230003BE6D0 /* user_icon5@2x.png */,
				C3784450198C7230003BE6D0 /* user_icon6@2x.png */,
			);
			path = "个人信息";
			sourceTree = "<group>";
		};
		C3784451198C7230003BE6D0 /* 训练 */ = {
			isa = PBXGroup;
			children = (
				C3784452198C7230003BE6D0 /* train_bg@2x.png */,
				C3784453198C7230003BE6D0 /* train_pic@2x.png */,
				C3784454198C7230003BE6D0 /* train_xunlian2@2x.png */,
				C3784455198C7230003BE6D0 /* train_xunlian3@2x.png */,
				C3784456198C7230003BE6D0 /* train_xunlian@2x.png */,
			);
			path = "训练";
			sourceTree = "<group>";
		};
		C3784457198C7230003BE6D0 /* 用户列表 */ = {
			isa = PBXGroup;
			children = (
				C3206EB3198FDF5100C1F995 /* 设置 */,
				C3784458198C7230003BE6D0 /* ul_back@2x.png */,
				C3784459198C7230003BE6D0 /* ul_biaoti@2x.png */,
				C378445A198C7230003BE6D0 /* ul_di@2x.png */,
				C378445B198C7230003BE6D0 /* ul_gou2@2x.png */,
				C378445C198C7230003BE6D0 /* ul_gou@2x.png */,
				C378445D198C7230003BE6D0 /* ul_kuang@2x.png */,
				C378445E198C7230003BE6D0 /* ul_ti@2x.png */,
				C378445F198C7230003BE6D0 /* ul_touxiang2@2x.png */,
				C3784460198C7230003BE6D0 /* ul_touxiang3@2x.png */,
				C3784461198C7230003BE6D0 /* ul_touxiang@2x.png */,
				C3784462198C7230003BE6D0 /* ul_xinjian2@2x.png */,
				C3784463198C7230003BE6D0 /* ul_xinjian@2x.png */,
			);
			path = "用户列表";
			sourceTree = "<group>";
		};
		C3784464198C7230003BE6D0 /* 主界面 */ = {
			isa = PBXGroup;
			children = (
				C33A26F4199200F7002A9493 /* main_bg@2x.png */,
				C33A26F5199200F7002A9493 /* main_logo@2x.png */,
				C33A26F6199200F7002A9493 /* mian_text@2x.png */,
				C3784466198C7230003BE6D0 /* main_geren@2x.png */,
				C3784467198C7230003BE6D0 /* main_shezhin@2x.png */,
				C3784468198C7230003BE6D0 /* main_xunlian@2x.png */,
			);
			path = "主界面";
			sourceTree = "<group>";
		};
/* End PBXGroup section */

/* Begin PBXNativeTarget section */
		C3443874198BE08500133B51 /* iTrain */ = {
			isa = PBXNativeTarget;
			buildConfigurationList = C34438A1198BE08500133B51 /* Build configuration list for PBXNativeTarget "iTrain" */;
			buildPhases = (
				C3443871198BE08500133B51 /* Sources */,
				C3443872198BE08500133B51 /* Frameworks */,
				C3443873198BE08500133B51 /* Resources */,
			);
			buildRules = (
			);
			dependencies = (
			);
			name = iTrain;
			productName = iTrain;
			productReference = C3443875198BE08500133B51 /* iTrain.app */;
			productType = "com.apple.product-type.application";
		};
		C344388F198BE08500133B51 /* iTrainTests */ = {
			isa = PBXNativeTarget;
			buildConfigurationList = C34438A4198BE08500133B51 /* Build configuration list for PBXNativeTarget "iTrainTests" */;
			buildPhases = (
				C344388C198BE08500133B51 /* Sources */,
				C344388D198BE08500133B51 /* Frameworks */,
				C344388E198BE08500133B51 /* Resources */,
			);
			buildRules = (
			);
			dependencies = (
				C3443896198BE08500133B51 /* PBXTargetDependency */,
			);
			name = iTrainTests;
			productName = iTrainTests;
			productReference = C3443890198BE08500133B51 /* iTrainTests.xctest */;
			productType = "com.apple.product-type.bundle.unit-test";
		};
/* End PBXNativeTarget section */

/* Begin PBXProject section */
		C344386D198BE08500133B51 /* Project object */ = {
			isa = PBXProject;
			attributes = {
				LastUpgradeCheck = 0510;
				ORGANIZATIONNAME = helloworld;
				TargetAttributes = {
					C344388F198BE08500133B51 = {
						TestTargetID = C3443874198BE08500133B51;
					};
				};
			};
			buildConfigurationList = C3443870198BE08500133B51 /* Build configuration list for PBXProject "iTrain" */;
			compatibilityVersion = "Xcode 3.2";
			developmentRegion = English;
			hasScannedForEncodings = 0;
			knownRegions = (
				en,
				"zh-Hans",
			);
			mainGroup = C344386C198BE08500133B51;
			productRefGroup = C3443876198BE08500133B51 /* Products */;
			projectDirPath = "";
			projectRoot = "";
			targets = (
				C3443874198BE08500133B51 /* iTrain */,
				C344388F198BE08500133B51 /* iTrainTests */,
			);
		};
/* End PBXProject section */

/* Begin PBXResourcesBuildPhase section */
		C3443873198BE08500133B51 /* Resources */ = {
			isa = PBXResourcesBuildPhase;
			buildActionMask = 2147483647;
			files = (
				C3206EA7198FDF3800C1F995 /* detail_weixin@2x.png in Resources */,
				C3206E9E198FDF3800C1F995 /* start_youtui@2x.png in Resources */,
				C378447A198C7230003BE6D0 /* ul_gou@2x.png in Resources */,
				C3206E9C198FDF3800C1F995 /* start_xiong@2x.png in Resources */,
				C3784479198C7230003BE6D0 /* ul_gou2@2x.png in Resources */,
				C3784473198C7230003BE6D0 /* train_xunlian2@2x.png in Resources */,
				C33A26F8199200F7002A9493 /* main_logo@2x.png in Resources */,
				C3784481198C7230003BE6D0 /* ul_xinjian@2x.png in Resources */,
				C3206E98198FDF3800C1F995 /* start_quan7@2x.png in Resources */,
				C3206E90198FDF3800C1F995 /* start_fu@2x.png in Resources */,
				C3784484198C7230003BE6D0 /* main_shezhin@2x.png in Resources */,
				C3206EC8198FDF5100C1F995 /* setting_baike@2x.png in Resources */,
				C378446D198C7230003BE6D0 /* user_icon3@2x.png in Resources */,
				C37F99CD199CB92C00B0153D /* DownAccessory@2x.png in Resources */,
				C3A7696B19935D8900538AEC /* ExerciseMainViewController.xib in Resources */,
				C31C265A198F6E1E007C9614 /* UserCollelectionView.xib in Resources */,
				C3206E9F198FDF3800C1F995 /* start_zuoshou@2x.png in Resources */,
				C3206ECF198FDF5100C1F995 /* setting_shebei@2x.png in Resources */,
				C3206EC9198FDF5100C1F995 /* setting_icom@2x.png in Resources */,
				C3206ECB198FDF5100C1F995 /* setting_pic1@2x.png in Resources */,
				C3206EC2198FDF5100C1F995 /* plan_naozhongshezhi@2x.png in Resources */,
				C378446B198C7230003BE6D0 /* user_icon1@2x.png in Resources */,
				C378446F198C7230003BE6D0 /* user_icon5@2x.png in Resources */,
				C3206E8A198FDF3800C1F995 /* record_jiantou@2x.png in Resources */,
				C3206EC5198FDF5100C1F995 /* about_icon@2x.png in Resources */,
				C3206EC0198FDF5100C1F995 /* plan_guan@2x.png in Resources */,
				C378446E198C7230003BE6D0 /* user_icon4@2x.png in Resources */,
				C3206E9A198FDF3800C1F995 /* start_ren@2x.png in Resources */,
				C37F99CE199CB92C00B0153D /* UpAccessory.png in Resources */,
				C3784476198C7230003BE6D0 /* ul_back@2x.png in Resources */,
				C3784470198C7230003BE6D0 /* user_icon6@2x.png in Resources */,
				C3206EBE198FDF5100C1F995 /* plan_bi@2x.png in Resources */,
				C3784477198C7230003BE6D0 /* ul_biaoti@2x.png in Resources */,
				C3206ECE198FDF5100C1F995 /* setting_renti@2x.png in Resources */,
				C378447F198C7230003BE6D0 /* ul_touxiang@2x.png in Resources */,
				C37F99B3199C9C3B00B0153D /* HelpViewController.xib in Resources */,
				C3443883198BE08500133B51 /* InfoPlist.strings in Resources */,
				C3206E8D198FDF3800C1F995 /* record_xuanzhongbeijing@2x.png in Resources */,
				C3206E95198FDF3800C1F995 /* start_quan4@2x.png in Resources */,
				C3206EA6198FDF3800C1F995 /* detail_quxiao@2x.png in Resources */,
				C3206ECD198FDF5100C1F995 /* setting_renti2@2x.png in Resources */,
				C3784483198C7230003BE6D0 /* main_geren@2x.png in Resources */,
				C3784471198C7230003BE6D0 /* train_bg@2x.png in Resources */,
				C344388B198BE08500133B51 /* Images.xcassets in Resources */,
				C320D1F419961015005637BF /* back@2x.png in Resources */,
				C3206EC4198FDF5100C1F995 /* plan_shuzibeijign@2x.png in Resources */,
				C3206E97198FDF3800C1F995 /* start_quan6@2x.png in Resources */,
				C378447C198C7230003BE6D0 /* ul_ti@2x.png in Resources */,
				C320D1F819961CC8005637BF /* tittle_bg.png in Resources */,
				C320D1EC1995BDE4005637BF /* UserInfoViewController.xib in Resources */,
				C3206E88198FDF3800C1F995 /* train_tingzhi@2x.png in Resources */,
				C378447E198C7230003BE6D0 /* ul_touxiang3@2x.png in Resources */,
				C3784485198C7230003BE6D0 /* main_xunlian@2x.png in Resources */,
				C3206EA5198FDF3800C1F995 /* detail_kuang@2x.png in Resources */,
				C3206EBF198FDF5100C1F995 /* plan_chongxinjihua@2x.png in Resources */,
				C30A45A3199B955800722F5E /* user_icon@2x.png in Resources */,
				C3784469198C7230003BE6D0 /* user_bianji@2x.png in Resources */,
				C3206E92198FDF3800C1F995 /* start_kaishixunlian@2x.png in Resources */,
				C3206E91198FDF3800C1F995 /* start_kaishixunlian2@2x.png in Resources */,
				C3206E89198FDF3800C1F995 /* record_hengkuang@2x.png in Resources */,
				C33A26F9199200F7002A9493 /* mian_text@2x.png in Resources */,
				C3206E9D198FDF3800C1F995 /* start_youshou@2x.png in Resources */,
				C320D1F519961015005637BF /* right_btn@2x.png in Resources */,
				C3206E87198FDF3800C1F995 /* train_canshu@2x.png in Resources */,
				C3206EC7198FDF5100C1F995 /* setting_app@2x.png in Resources */,
				C3206E8E198FDF3800C1F995 /* start_daren@2x.png in Resources */,
				C3206ED0198FDF5100C1F995 /* setting_shezhi@2x.png in Resources */,
				C3206ECC198FDF5100C1F995 /* setting_pic2@2x.png in Resources */,
				C3784480198C7230003BE6D0 /* ul_xinjian2@2x.png in Resources */,
				C3206EC1198FDF5100C1F995 /* plan_kai@2x.png in Resources */,
				C3206E8B198FDF3800C1F995 /* record_nian@2x.png in Resources */,
				C3206EA1198FDF3800C1F995 /* detail_facebook@2x.png in Resources */,
				C3206E9B198FDF3800C1F995 /* start_shuzikuang@2x.png in Resources */,
				C3206EA0198FDF3800C1F995 /* start_zuotui@2x.png in Resources */,
				C378446A198C7230003BE6D0 /* user_hang@2x.png in Resources */,
				C3206E96198FDF3800C1F995 /* start_quan5@2x.png in Resources */,
				C3206E8F198FDF3800C1F995 /* start_fanmian@2x.png in Resources */,
				C3206EA4198FDF3800C1F995 /* detail_kuang2@2x.png in Resources */,
				C378447D198C7230003BE6D0 /* ul_touxiang2@2x.png in Resources */,
				C3206EC3198FDF5100C1F995 /* plan_neirongbeijing@2x.png in Resources */,
				C33A26F7199200F7002A9493 /* main_bg@2x.png in Resources */,
				C3784478198C7230003BE6D0 /* ul_di@2x.png in Resources */,
				C31C2669198F7B18007C9614 /* AboutViewController.xib in Resources */,
				C3206E8C198FDF3800C1F995 /* record_shanchujilu@2x.png in Resources */,
				C3206E93198FDF3800C1F995 /* start_quan2@2x.png in Resources */,
				C378446C198C7230003BE6D0 /* user_icon2@2x.png in Resources */,
				C3784475198C7230003BE6D0 /* train_xunlian@2x.png in Resources */,
				C37F99CC199CB92C00B0153D /* DownAccessory.png in Resources */,
				C3206ECA198FDF5100C1F995 /* setting_lanya@2x.png in Resources */,
				C3206EC6198FDF5100C1F995 /* about_line@2x.png in Resources */,
				C3206EA3198FDF3800C1F995 /* detail_fenxiang@2x.png in Resources */,
				C3206EA2198FDF3800C1F995 /* detail_fasongchenggong@2x.png in Resources */,
				C3784472198C7230003BE6D0 /* train_pic@2x.png in Resources */,
				C37F9383199C510600B0153D /* UserViewController.xib in Resources */,
				C37F99CF199CB92C00B0153D /* UpAccessory@2x.png in Resources */,
				C378447B198C7230003BE6D0 /* ul_kuang@2x.png in Resources */,
				C320D1EA1995BCC6005637BF /* MainViewController.xib in Resources */,
				C3206E94198FDF3800C1F995 /* start_quan3@2x.png in Resources */,
				C32C4316199B3182009FED09 /* SettingViewController.xib in Resources */,
				C3206E99198FDF3800C1F995 /* start_quan@2x.png in Resources */,
				C3784474198C7230003BE6D0 /* train_xunlian3@2x.png in Resources */,
				C3061FDC199389240075E8AC /* BaiKeViewController.xib in Resources */,
			);
			runOnlyForDeploymentPostprocessing = 0;
		};
		C344388E198BE08500133B51 /* Resources */ = {
			isa = PBXResourcesBuildPhase;
			buildActionMask = 2147483647;
			files = (
				C344389C198BE08500133B51 /* InfoPlist.strings in Resources */,
			);
			runOnlyForDeploymentPostprocessing = 0;
		};
/* End PBXResourcesBuildPhase section */

/* Begin PBXSourcesBuildPhase section */
		C3443871198BE08500133B51 /* Sources */ = {
			isa = PBXSourcesBuildPhase;
			buildActionMask = 2147483647;
			files = (
				C3443889198BE08500133B51 /* AppDelegate.m in Sources */,
				C3443963198BE61D00133B51 /* UIViewController+BarItem.m in Sources */,
				C3443957198BE61D00133B51 /* UITableView+Addition.m in Sources */,
				C3443962198BE61D00133B51 /* UIImage+Util.m in Sources */,
				C3443960198BE61D00133B51 /* OSHelper.m in Sources */,
				C344395D198BE61D00133B51 /* NSString+IP.m in Sources */,
				C31C2668198F7B18007C9614 /* AboutViewController.m in Sources */,
				C3443933198BE47C00133B51 /* MainViewController.m in Sources */,
				C344395E198BE61D00133B51 /* NSString+MD5_32.m in Sources */,
				C37F99B2199C9C3B00B0153D /* HelpViewController.m in Sources */,
				C3443958198BE61D00133B51 /* UITextView+Placeholder.m in Sources */,
				C3443961198BE61D00133B51 /* UIColor+Utils.m in Sources */,
				C3061FDB199389240075E8AC /* BaiKeViewController.m in Sources */,
				C31C2663198F7A86007C9614 /* UserInfoViewController.m in Sources */,
				C31C266D198F7BF2007C9614 /* ExerciseMainViewController.m in Sources */,
				C344395C198BE61D00133B51 /* NSDate+Utils.m in Sources */,
				C344395F198BE61D00133B51 /* NSString+Utils.m in Sources */,
				C37F9382199C510600B0153D /* UserViewController.m in Sources */,
				C3443885198BE08500133B51 /* main.m in Sources */,
				C3443964198BE61D00133B51 /* VersionManager.m in Sources */,
				C344395A198BE61D00133B51 /* HWConnect.m in Sources */,
				C31C2659198F6E1E007C9614 /* UserCollectionViewCell.m in Sources */,
				C3443959198BE61D00133B51 /* CommonViewController.m in Sources */,
				C3AA4F6C1999FCB0003E8DD9 /* klpView.m in Sources */,
				C344395B198BE61D00133B51 /* IO.m in Sources */,
				C32C4315199B3182009FED09 /* SettingViewController.m in Sources */,
			);
			runOnlyForDeploymentPostprocessing = 0;
		};
		C344388C198BE08500133B51 /* Sources */ = {
			isa = PBXSourcesBuildPhase;
			buildActionMask = 2147483647;
			files = (
				C344389E198BE08500133B51 /* iTrainTests.m in Sources */,
			);
			runOnlyForDeploymentPostprocessing = 0;
		};
/* End PBXSourcesBuildPhase section */

/* Begin PBXTargetDependency section */
		C3443896198BE08500133B51 /* PBXTargetDependency */ = {
			isa = PBXTargetDependency;
			target = C3443874198BE08500133B51 /* iTrain */;
			targetProxy = C3443895198BE08500133B51 /* PBXContainerItemProxy */;
		};
/* End PBXTargetDependency section */

/* Begin PBXVariantGroup section */
		C3443881198BE08500133B51 /* InfoPlist.strings */ = {
			isa = PBXVariantGroup;
			children = (
				C3443882198BE08500133B51 /* en */,
			);
			name = InfoPlist.strings;
			sourceTree = "<group>";
		};
		C344389A198BE08500133B51 /* InfoPlist.strings */ = {
			isa = PBXVariantGroup;
			children = (
				C344389B198BE08500133B51 /* en */,
			);
			name = InfoPlist.strings;
			sourceTree = "<group>";
		};
/* End PBXVariantGroup section */

/* Begin XCBuildConfiguration section */
		C344389F198BE08500133B51 /* Debug */ = {
			isa = XCBuildConfiguration;
			buildSettings = {
				ALWAYS_SEARCH_USER_PATHS = NO;
				CLANG_CXX_LANGUAGE_STANDARD = "gnu++0x";
				CLANG_CXX_LIBRARY = "libc++";
				CLANG_ENABLE_MODULES = YES;
				CLANG_ENABLE_OBJC_ARC = YES;
				CLANG_WARN_BOOL_CONVERSION = YES;
				CLANG_WARN_CONSTANT_CONVERSION = YES;
				CLANG_WARN_DIRECT_OBJC_ISA_USAGE = YES_ERROR;
				CLANG_WARN_EMPTY_BODY = YES;
				CLANG_WARN_ENUM_CONVERSION = YES;
				CLANG_WARN_INT_CONVERSION = YES;
				CLANG_WARN_OBJC_ROOT_CLASS = YES_ERROR;
				CLANG_WARN__DUPLICATE_METHOD_MATCH = YES;
				"CODE_SIGN_IDENTITY[sdk=iphoneos*]" = "iPhone Developer";
				COPY_PHASE_STRIP = NO;
				GCC_C_LANGUAGE_STANDARD = gnu99;
				GCC_DYNAMIC_NO_PIC = NO;
				GCC_OPTIMIZATION_LEVEL = 0;
				GCC_PREPROCESSOR_DEFINITIONS = (
					"DEBUG=1",
					"$(inherited)",
				);
				GCC_SYMBOLS_PRIVATE_EXTERN = NO;
				GCC_WARN_64_TO_32_BIT_CONVERSION = YES;
				GCC_WARN_ABOUT_RETURN_TYPE = YES_ERROR;
				GCC_WARN_UNDECLARED_SELECTOR = YES;
				GCC_WARN_UNINITIALIZED_AUTOS = YES_AGGRESSIVE;
				GCC_WARN_UNUSED_FUNCTION = YES;
				GCC_WARN_UNUSED_VARIABLE = YES;
				IPHONEOS_DEPLOYMENT_TARGET = 7.1;
				ONLY_ACTIVE_ARCH = YES;
				SDKROOT = iphoneos;
			};
			name = Debug;
		};
		C34438A0198BE08500133B51 /* Release */ = {
			isa = XCBuildConfiguration;
			buildSettings = {
				ALWAYS_SEARCH_USER_PATHS = NO;
				CLANG_CXX_LANGUAGE_STANDARD = "gnu++0x";
				CLANG_CXX_LIBRARY = "libc++";
				CLANG_ENABLE_MODULES = YES;
				CLANG_ENABLE_OBJC_ARC = YES;
				CLANG_WARN_BOOL_CONVERSION = YES;
				CLANG_WARN_CONSTANT_CONVERSION = YES;
				CLANG_WARN_DIRECT_OBJC_ISA_USAGE = YES_ERROR;
				CLANG_WARN_EMPTY_BODY = YES;
				CLANG_WARN_ENUM_CONVERSION = YES;
				CLANG_WARN_INT_CONVERSION = YES;
				CLANG_WARN_OBJC_ROOT_CLASS = YES_ERROR;
				CLANG_WARN__DUPLICATE_METHOD_MATCH = YES;
				"CODE_SIGN_IDENTITY[sdk=iphoneos*]" = "iPhone Developer";
				COPY_PHASE_STRIP = YES;
				ENABLE_NS_ASSERTIONS = NO;
				GCC_C_LANGUAGE_STANDARD = gnu99;
				GCC_WARN_64_TO_32_BIT_CONVERSION = YES;
				GCC_WARN_ABOUT_RETURN_TYPE = YES_ERROR;
				GCC_WARN_UNDECLARED_SELECTOR = YES;
				GCC_WARN_UNINITIALIZED_AUTOS = YES_AGGRESSIVE;
				GCC_WARN_UNUSED_FUNCTION = YES;
				GCC_WARN_UNUSED_VARIABLE = YES;
				IPHONEOS_DEPLOYMENT_TARGET = 7.1;
				SDKROOT = iphoneos;
				VALIDATE_PRODUCT = YES;
			};
			name = Release;
		};
		C34438A2198BE08500133B51 /* Debug */ = {
			isa = XCBuildConfiguration;
			buildSettings = {
				ASSETCATALOG_COMPILER_APPICON_NAME = AppIcon;
				ASSETCATALOG_COMPILER_LAUNCHIMAGE_NAME = LaunchImage;
				FRAMEWORK_SEARCH_PATHS = (
					"$(inherited)",
					"$(PROJECT_DIR)/iTrain/Vendors/Vendors/ShareSDK/Connection",
					"$(PROJECT_DIR)/iTrain/Vendors/Vendors/ShareSDK/Core",
					"$(PROJECT_DIR)/iTrain/Vendors/Vendors/ShareSDK/Extend/QQConnectSDK",
					"$(PROJECT_DIR)/iTrain/Vendors/Vendors/ShareSDK",
					"$(PROJECT_DIR)/iTrain/Vendors/Vendors/ShareSDK/UI",
				);
				GCC_PRECOMPILE_PREFIX_HEADER = YES;
				GCC_PREFIX_HEADER = "iTrain/Supporting Files/iTrain-Prefix.pch";
				INFOPLIST_FILE = "iTrain/Supporting Files/iTrain-Info.plist";
				IPHONEOS_DEPLOYMENT_TARGET = 6.0;
				LIBRARY_SEARCH_PATHS = (
					"$(inherited)",
					"$(PROJECT_DIR)/iTrain/Vendors/Vendors/ShareSDK/Extend/SinaWeiboSDK",
					"$(PROJECT_DIR)/iTrain/Vendors/Vendors/ShareSDK/Extend/TencentWeiboSDK",
					"$(PROJECT_DIR)/iTrain/Vendors/Vendors/ShareSDK/Extend/WeChatSDK",
				);
				PRODUCT_NAME = "$(TARGET_NAME)";
				TARGETED_DEVICE_FAMILY = 1;
				WRAPPER_EXTENSION = app;
			};
			name = Debug;
		};
		C34438A3198BE08500133B51 /* Release */ = {
			isa = XCBuildConfiguration;
			buildSettings = {
				ASSETCATALOG_COMPILER_APPICON_NAME = AppIcon;
				ASSETCATALOG_COMPILER_LAUNCHIMAGE_NAME = LaunchImage;
				FRAMEWORK_SEARCH_PATHS = (
					"$(inherited)",
					"$(PROJECT_DIR)/iTrain/Vendors/Vendors/ShareSDK/Connection",
					"$(PROJECT_DIR)/iTrain/Vendors/Vendors/ShareSDK/Core",
					"$(PROJECT_DIR)/iTrain/Vendors/Vendors/ShareSDK/Extend/QQConnectSDK",
					"$(PROJECT_DIR)/iTrain/Vendors/Vendors/ShareSDK",
					"$(PROJECT_DIR)/iTrain/Vendors/Vendors/ShareSDK/UI",
				);
				GCC_PRECOMPILE_PREFIX_HEADER = YES;
				GCC_PREFIX_HEADER = "iTrain/Supporting Files/iTrain-Prefix.pch";
				INFOPLIST_FILE = "iTrain/Supporting Files/iTrain-Info.plist";
				IPHONEOS_DEPLOYMENT_TARGET = 6.0;
				LIBRARY_SEARCH_PATHS = (
					"$(inherited)",
					"$(PROJECT_DIR)/iTrain/Vendors/Vendors/ShareSDK/Extend/SinaWeiboSDK",
					"$(PROJECT_DIR)/iTrain/Vendors/Vendors/ShareSDK/Extend/TencentWeiboSDK",
					"$(PROJECT_DIR)/iTrain/Vendors/Vendors/ShareSDK/Extend/WeChatSDK",
				);
				PRODUCT_NAME = "$(TARGET_NAME)";
				TARGETED_DEVICE_FAMILY = 1;
				WRAPPER_EXTENSION = app;
			};
			name = Release;
		};
		C34438A5198BE08500133B51 /* Debug */ = {
			isa = XCBuildConfiguration;
			buildSettings = {
				BUNDLE_LOADER = "$(BUILT_PRODUCTS_DIR)/iTrain.app/iTrain";
				FRAMEWORK_SEARCH_PATHS = (
					"$(SDKROOT)/Developer/Library/Frameworks",
					"$(inherited)",
					"$(DEVELOPER_FRAMEWORKS_DIR)",
				);
				GCC_PRECOMPILE_PREFIX_HEADER = YES;
				GCC_PREFIX_HEADER = "iTrain/Supporting Files/iTrain-Prefix.pch";
				GCC_PREPROCESSOR_DEFINITIONS = (
					"DEBUG=1",
					"$(inherited)",
				);
				INFOPLIST_FILE = "iTrainTests/Supporting Files/iTrainTests-Info.plist";
				IPHONEOS_DEPLOYMENT_TARGET = 7.0;
				PRODUCT_NAME = "$(TARGET_NAME)";
				TEST_HOST = "$(BUNDLE_LOADER)";
				WRAPPER_EXTENSION = xctest;
			};
			name = Debug;
		};
		C34438A6198BE08500133B51 /* Release */ = {
			isa = XCBuildConfiguration;
			buildSettings = {
				BUNDLE_LOADER = "$(BUILT_PRODUCTS_DIR)/iTrain.app/iTrain";
				FRAMEWORK_SEARCH_PATHS = (
					"$(SDKROOT)/Developer/Library/Frameworks",
					"$(inherited)",
					"$(DEVELOPER_FRAMEWORKS_DIR)",
				);
				GCC_PRECOMPILE_PREFIX_HEADER = YES;
				GCC_PREFIX_HEADER = "iTrain/Supporting Files/iTrain-Prefix.pch";
				INFOPLIST_FILE = "iTrainTests/Supporting Files/iTrainTests-Info.plist";
				IPHONEOS_DEPLOYMENT_TARGET = 7.0;
				PRODUCT_NAME = "$(TARGET_NAME)";
				TEST_HOST = "$(BUNDLE_LOADER)";
				WRAPPER_EXTENSION = xctest;
			};
			name = Release;
		};
/* End XCBuildConfiguration section */

/* Begin XCConfigurationList section */
		C3443870198BE08500133B51 /* Build configuration list for PBXProject "iTrain" */ = {
			isa = XCConfigurationList;
			buildConfigurations = (
				C344389F198BE08500133B51 /* Debug */,
				C34438A0198BE08500133B51 /* Release */,
			);
			defaultConfigurationIsVisible = 0;
			defaultConfigurationName = Release;
		};
		C34438A1198BE08500133B51 /* Build configuration list for PBXNativeTarget "iTrain" */ = {
			isa = XCConfigurationList;
			buildConfigurations = (
				C34438A2198BE08500133B51 /* Debug */,
				C34438A3198BE08500133B51 /* Release */,
			);
			defaultConfigurationIsVisible = 0;
			defaultConfigurationName = Release;
		};
		C34438A4198BE08500133B51 /* Build configuration list for PBXNativeTarget "iTrainTests" */ = {
			isa = XCConfigurationList;
			buildConfigurations = (
				C34438A5198BE08500133B51 /* Debug */,
				C34438A6198BE08500133B51 /* Release */,
			);
			defaultConfigurationIsVisible = 0;
			defaultConfigurationName = Release;
		};
/* End XCConfigurationList section */
	};
	rootObject = C344386D198BE08500133B51 /* Project object */;
}
